// !$*UTF8*$!
{
	archiveVersion = 1;
	classes = {
	};
	objectVersion = 46;
	objects = {

/* Begin PBXBuildFile section */
		474FC2C71B31296A00793645 /* AppDelegate.swift in Sources */ = {isa = PBXBuildFile; fileRef = 474FC2C61B31296A00793645 /* AppDelegate.swift */; };
		474FC2C91B31296A00793645 /* ViewController.swift in Sources */ = {isa = PBXBuildFile; fileRef = 474FC2C81B31296A00793645 /* ViewController.swift */; };
		474FC2CC1B31296A00793645 /* Main.storyboard in Resources */ = {isa = PBXBuildFile; fileRef = 474FC2CA1B31296A00793645 /* Main.storyboard */; };
		474FC2CE1B31296A00793645 /* Images.xcassets in Resources */ = {isa = PBXBuildFile; fileRef = 474FC2CD1B31296A00793645 /* Images.xcassets */; };
		474FC2D11B31296A00793645 /* LaunchScreen.xib in Resources */ = {isa = PBXBuildFile; fileRef = 474FC2CF1B31296A00793645 /* LaunchScreen.xib */; };
		474FC2DD1B31296A00793645 /* ArraysChallengeTests.swift in Sources */ = {isa = PBXBuildFile; fileRef = 474FC2DC1B31296A00793645 /* ArraysChallengeTests.swift */; };
/* End PBXBuildFile section */

/* Begin PBXContainerItemProxy section */
		474FC2D71B31296A00793645 /* PBXContainerItemProxy */ = {
			isa = PBXContainerItemProxy;
			containerPortal = 474FC2B91B31296A00793645 /* Project object */;
			proxyType = 1;
			remoteGlobalIDString = 474FC2C01B31296A00793645;
			remoteInfo = ArraysChallenge;
		};
/* End PBXContainerItemProxy section */

/* Begin PBXFileReference section */
		474FC2C11B31296A00793645 /* ArraysChallenge.app */ = {isa = PBXFileReference; explicitFileType = wrapper.application; includeInIndex = 0; path = ArraysChallenge.app; sourceTree = BUILT_PRODUCTS_DIR; };
		474FC2C51B31296A00793645 /* Info.plist */ = {isa = PBXFileReference; lastKnownFileType = text.plist.xml; path = Info.plist; sourceTree = "<group>"; };
		474FC2C61B31296A00793645 /* AppDelegate.swift */ = {isa = PBXFileReference; lastKnownFileType = sourcecode.swift; path = AppDelegate.swift; sourceTree = "<group>"; };
		474FC2C81B31296A00793645 /* ViewController.swift */ = {isa = PBXFileReference; lastKnownFileType = sourcecode.swift; path = ViewController.swift; sourceTree = "<group>"; };
		474FC2CB1B31296A00793645 /* Base */ = {isa = PBXFileReference; lastKnownFileType = file.storyboard; name = Base; path = Base.lproj/Main.storyboard; sourceTree = "<group>"; };
		474FC2CD1B31296A00793645 /* Images.xcassets */ = {isa = PBXFileReference; lastKnownFileType = folder.assetcatalog; path = Images.xcassets; sourceTree = "<group>"; };
		474FC2D01B31296A00793645 /* Base */ = {isa = PBXFileReference; lastKnownFileType = file.xib; name = Base; path = Base.lproj/LaunchScreen.xib; sourceTree = "<group>"; };
		474FC2D61B31296A00793645 /* ArraysChallengeTests.xctest */ = {isa = PBXFileReference; explicitFileType = wrapper.cfbundle; includeInIndex = 0; path = ArraysChallengeTests.xctest; sourceTree = BUILT_PRODUCTS_DIR; };
		474FC2DB1B31296A00793645 /* Info.plist */ = {isa = PBXFileReference; lastKnownFileType = text.plist.xml; path = Info.plist; sourceTree = "<group>"; };
		474FC2DC1B31296A00793645 /* ArraysChallengeTests.swift */ = {isa = PBXFileReference; lastKnownFileType = sourcecode.swift; path = ArraysChallengeTests.swift; sourceTree = "<group>"; };
/* End PBXFileReference section */

/* Begin PBXFrameworksBuildPhase section */
		474FC2BE1B31296A00793645 /* Frameworks */ = {
			isa = PBXFrameworksBuildPhase;
			buildActionMask = 2147483647;
			files = (
			);
			runOnlyForDeploymentPostprocessing = 0;
		};
		474FC2D31B31296A00793645 /* Frameworks */ = {
			isa = PBXFrameworksBuildPhase;
			buildActionMask = 2147483647;
			files = (
			);
			runOnlyForDeploymentPostprocessing = 0;
		};
/* End PBXFrameworksBuildPhase section */

/* Begin PBXGroup section */
		474FC2B81B31296A00793645 = {
			isa = PBXGroup;
			children = (
				474FC2C31B31296A00793645 /* ArraysChallenge */,
				474FC2D91B31296A00793645 /* ArraysChallengeTests */,
				474FC2C21B31296A00793645 /* Products */,
			);
			sourceTree = "<group>";
		};
		474FC2C21B31296A00793645 /* Products */ = {
			isa = PBXGroup;
			children = (
				474FC2C11B31296A00793645 /* ArraysChallenge.app */,
				474FC2D61B31296A00793645 /* ArraysChallengeTests.xctest */,
			);
			name = Products;
			sourceTree = "<group>";
		};
		474FC2C31B31296A00793645 /* ArraysChallenge */ = {
			isa = PBXGroup;
			children = (
				474FC2C61B31296A00793645 /* AppDelegate.swift */,
				474FC2C81B31296A00793645 /* ViewController.swift */,
				474FC2CA1B31296A00793645 /* Main.storyboard */,
				474FC2CD1B31296A00793645 /* Images.xcassets */,
				474FC2CF1B31296A00793645 /* LaunchScreen.xib */,
				474FC2C41B31296A00793645 /* Supporting Files */,
			);
			path = ArraysChallenge;
			sourceTree = "<group>";
		};
		474FC2C41B31296A00793645 /* Supporting Files */ = {
			isa = PBXGroup;
			children = (
				474FC2C51B31296A00793645 /* Info.plist */,
			);
			name = "Supporting Files";
			sourceTree = "<group>";
		};
		474FC2D91B31296A00793645 /* ArraysChallengeTests */ = {
			isa = PBXGroup;
			children = (
				474FC2DC1B31296A00793645 /* ArraysChallengeTests.swift */,
				474FC2DA1B31296A00793645 /* Supporting Files */,
			);
			path = ArraysChallengeTests;
			sourceTree = "<group>";
		};
		474FC2DA1B31296A00793645 /* Supporting Files */ = {
			isa = PBXGroup;
			children = (
				474FC2DB1B31296A00793645 /* Info.plist */,
			);
			name = "Supporting Files";
			sourceTree = "<group>";
		};
/* End PBXGroup section */

/* Begin PBXNativeTarget section */
		474FC2C01B31296A00793645 /* ArraysChallenge */ = {
			isa = PBXNativeTarget;
			buildConfigurationList = 474FC2E01B31296A00793645 /* Build configuration list for PBXNativeTarget "ArraysChallenge" */;
			buildPhases = (
				474FC2BD1B31296A00793645 /* Sources */,
				474FC2BE1B31296A00793645 /* Frameworks */,
				474FC2BF1B31296A00793645 /* Resources */,
			);
			buildRules = (
			);
			dependencies = (
			);
			name = ArraysChallenge;
			productName = ArraysChallenge;
			productReference = 474FC2C11B31296A00793645 /* ArraysChallenge.app */;
			productType = "com.apple.product-type.application";
		};
		474FC2D51B31296A00793645 /* ArraysChallengeTests */ = {
			isa = PBXNativeTarget;
			buildConfigurationList = 474FC2E31B31296A00793645 /* Build configuration list for PBXNativeTarget "ArraysChallengeTests" */;
			buildPhases = (
				474FC2D21B31296A00793645 /* Sources */,
				474FC2D31B31296A00793645 /* Frameworks */,
				474FC2D41B31296A00793645 /* Resources */,
			);
			buildRules = (
			);
			dependencies = (
				474FC2D81B31296A00793645 /* PBXTargetDependency */,
			);
			name = ArraysChallengeTests;
			productName = ArraysChallengeTests;
			productReference = 474FC2D61B31296A00793645 /* ArraysChallengeTests.xctest */;
			productType = "com.apple.product-type.bundle.unit-test";
		};
/* End PBXNativeTarget section */

/* Begin PBXProject section */
		474FC2B91B31296A00793645 /* Project object */ = {
			isa = PBXProject;
			attributes = {
				LastSwiftMigration = 0700;
				LastSwiftUpdateCheck = 0700;
				LastUpgradeCheck = 0700;
				ORGANIZATIONNAME = MobileMakers;
				TargetAttributes = {
					474FC2C01B31296A00793645 = {
						CreatedOnToolsVersion = 6.3.2;
						LastSwiftMigration = 0820;
					};
					474FC2D51B31296A00793645 = {
						CreatedOnToolsVersion = 6.3.2;
						LastSwiftMigration = 0820;
						TestTargetID = 474FC2C01B31296A00793645;
					};
				};
			};
			buildConfigurationList = 474FC2BC1B31296A00793645 /* Build configuration list for PBXProject "ArraysChallenge" */;
			compatibilityVersion = "Xcode 3.2";
			developmentRegion = English;
			hasScannedForEncodings = 0;
			knownRegions = (
				en,
				Base,
			);
			mainGroup = 474FC2B81B31296A00793645;
			productRefGroup = 474FC2C21B31296A00793645 /* Products */;
			projectDirPath = "";
			projectRoot = "";
			targets = (
				474FC2C01B31296A00793645 /* ArraysChallenge */,
				474FC2D51B31296A00793645 /* ArraysChallengeTests */,
			);
		};
/* End PBXProject section */

/* Begin PBXResourcesBuildPhase section */
		474FC2BF1B31296A00793645 /* Resources */ = {
			isa = PBXResourcesBuildPhase;
			buildActionMask = 2147483647;
			files = (
				474FC2CC1B31296A00793645 /* Main.storyboard in Resources */,
				474FC2D11B31296A00793645 /* LaunchScreen.xib in Resources */,
				474FC2CE1B31296A00793645 /* Images.xcassets in Resources */,
			);
			runOnlyForDeploymentPostprocessing = 0;
		};
		474FC2D41B31296A00793645 /* Resources */ = {
			isa = PBXResourcesBuildPhase;
			buildActionMask = 2147483647;
			files = (
			);
			runOnlyForDeploymentPostprocessing = 0;
		};
/* End PBXResourcesBuildPhase section */

/* Begin PBXSourcesBuildPhase section */
		474FC2BD1B31296A00793645 /* Sources */ = {
			isa = PBXSourcesBuildPhase;
			buildActionMask = 2147483647;
			files = (
				474FC2C91B31296A00793645 /* ViewController.swift in Sources */,
				474FC2C71B31296A00793645 /* AppDelegate.swift in Sources */,
			);
			runOnlyForDeploymentPostprocessing = 0;
		};
		474FC2D21B31296A00793645 /* Sources */ = {
			isa = PBXSourcesBuildPhase;
			buildActionMask = 2147483647;
			files = (
				474FC2DD1B31296A00793645 /* ArraysChallengeTests.swift in Sources */,
			);
			runOnlyForDeploymentPostprocessing = 0;
		};
/* End PBXSourcesBuildPhase section */

/* Begin PBXTargetDependency section */
		474FC2D81B31296A00793645 /* PBXTargetDependency */ = {
			isa = PBXTargetDependency;
			target = 474FC2C01B31296A00793645 /* ArraysChallenge */;
			targetProxy = 474FC2D71B31296A00793645 /* PBXContainerItemProxy */;
		};
/* End PBXTargetDependency section */

/* Begin PBXVariantGroup section */
		474FC2CA1B31296A00793645 /* Main.storyboard */ = {
			isa = PBXVariantGroup;
			children = (
				474FC2CB1B31296A00793645 /* Base */,
			);
			name = Main.storyboard;
			sourceTree = "<group>";
		};
		474FC2CF1B31296A00793645 /* LaunchScreen.xib */ = {
			isa = PBXVariantGroup;
			children = (
				474FC2D01B31296A00793645 /* Base */,
			);
			name = LaunchScreen.xib;
			sourceTree = "<group>";
		};
/* End PBXVariantGroup section */

/* Begin XCBuildConfiguration section */
		474FC2DE1B31296A00793645 /* Debug */ = {
			isa = XCBuildConfiguration;
			buildSettings = {
				ALWAYS_SEARCH_USER_PATHS = NO;
				CLANG_CXX_LANGUAGE_STANDARD = "gnu++0x";
				CLANG_CXX_LIBRARY = "libc++";
				CLANG_ENABLE_MODULES = YES;
				CLANG_ENABLE_OBJC_ARC = YES;
				CLANG_WARN_BOOL_CONVERSION = YES;
				CLANG_WARN_CONSTANT_CONVERSION = YES;
				CLANG_WARN_DIRECT_OBJC_ISA_USAGE = YES_ERROR;
				CLANG_WARN_EMPTY_BODY = YES;
				CLANG_WARN_ENUM_CONVERSION = YES;
				CLANG_WARN_INT_CONVERSION = YES;
				CLANG_WARN_OBJC_ROOT_CLASS = YES_ERROR;
				CLANG_WARN_UNREACHABLE_CODE = YES;
				CLANG_WARN__DUPLICATE_METHOD_MATCH = YES;
				"CODE_SIGN_IDENTITY[sdk=iphoneos*]" = "iPhone Developer";
				COPY_PHASE_STRIP = NO;
				DEBUG_INFORMATION_FORMAT = "dwarf-with-dsym";
				ENABLE_STRICT_OBJC_MSGSEND = YES;
				ENABLE_TESTABILITY = YES;
				GCC_C_LANGUAGE_STANDARD = gnu99;
				GCC_DYNAMIC_NO_PIC = NO;
				GCC_NO_COMMON_BLOCKS = YES;
				GCC_OPTIMIZATION_LEVEL = 0;
				GCC_PREPROCESSOR_DEFINITIONS = (
					"DEBUG=1",
					"$(inherited)",
				);
				GCC_SYMBOLS_PRIVATE_EXTERN = NO;
				GCC_WARN_64_TO_32_BIT_CONVERSION = YES;
				GCC_WARN_ABOUT_RETURN_TYPE = YES_ERROR;
				GCC_WARN_UNDECLARED_SELECTOR = YES;
				GCC_WARN_UNINITIALIZED_AUTOS = YES_AGGRESSIVE;
				GCC_WARN_UNUSED_FUNCTION = YES;
				GCC_WARN_UNUSED_VARIABLE = YES;
				IPHONEOS_DEPLOYMENT_TARGET = 8.3;
				MTL_ENABLE_DEBUG_INFO = YES;
				ONLY_ACTIVE_ARCH = YES;
				SDKROOT = iphoneos;
				SWIFT_OPTIMIZATION_LEVEL = "-Onone";
				TARGETED_DEVICE_FAMILY = "1,2";
			};
			name = Debug;
		};
		474FC2DF1B31296A00793645 /* Release */ = {
			isa = XCBuildConfiguration;
			buildSettings = {
				ALWAYS_SEARCH_USER_PATHS = NO;
				CLANG_CXX_LANGUAGE_STANDARD = "gnu++0x";
				CLANG_CXX_LIBRARY = "libc++";
				CLANG_ENABLE_MODULES = YES;
				CLANG_ENABLE_OBJC_ARC = YES;
				CLANG_WARN_BOOL_CONVERSION = YES;
				CLANG_WARN_CONSTANT_CONVERSION = YES;
				CLANG_WARN_DIRECT_OBJC_ISA_USAGE = YES_ERROR;
				CLANG_WARN_EMPTY_BODY = YES;
				CLANG_WARN_ENUM_CONVERSION = YES;
				CLANG_WARN_INT_CONVERSION = YES;
				CLANG_WARN_OBJC_ROOT_CLASS = YES_ERROR;
				CLANG_WARN_UNREACHABLE_CODE = YES;
				CLANG_WARN__DUPLICATE_METHOD_MATCH = YES;
				"CODE_SIGN_IDENTITY[sdk=iphoneos*]" = "iPhone Developer";
				COPY_PHASE_STRIP = NO;
				DEBUG_INFORMATION_FORMAT = "dwarf-with-dsym";
				ENABLE_NS_ASSERTIONS = NO;
				ENABLE_STRICT_OBJC_MSGSEND = YES;
				GCC_C_LANGUAGE_STANDARD = gnu99;
				GCC_NO_COMMON_BLOCKS = YES;
				GCC_WARN_64_TO_32_BIT_CONVERSION = YES;
				GCC_WARN_ABOUT_RETURN_TYPE = YES_ERROR;
				GCC_WARN_UNDECLARED_SELECTOR = YES;
				GCC_WARN_UNINITIALIZED_AUTOS = YES_AGGRESSIVE;
				GCC_WARN_UNUSED_FUNCTION = YES;
				GCC_WARN_UNUSED_VARIABLE = YES;
				IPHONEOS_DEPLOYMENT_TARGET = 8.3;
				MTL_ENABLE_DEBUG_INFO = NO;
				SDKROOT = iphoneos;
				TARGETED_DEVICE_FAMILY = "1,2";
				VALIDATE_PRODUCT = YES;
			};
			name = Release;
		};
		474FC2E11B31296A00793645 /* Debug */ = {
			isa = XCBuildConfiguration;
			buildSettings = {
				ASSETCATALOG_COMPILER_APPICON_NAME = AppIcon;
				INFOPLIST_FILE = ArraysChallenge/Info.plist;
				LD_RUNPATH_SEARCH_PATHS = "$(inherited) @executable_path/Frameworks";
				PRODUCT_BUNDLE_IDENTIFIER = "mm.$(PRODUCT_NAME:rfc1034identifier)";
				PRODUCT_NAME = "$(TARGET_NAME)";
				SWIFT_VERSION = 3.0;
			};
			name = Debug;
		};
		474FC2E21B31296A00793645 /* Release */ = {
			isa = XCBuildConfiguration;
			buildSettings = {
				ASSETCATALOG_COMPILER_APPICON_NAME = AppIcon;
				INFOPLIST_FILE = ArraysChallenge/Info.plist;
				LD_RUNPATH_SEARCH_PATHS = "$(inherited) @executable_path/Frameworks";
				PRODUCT_BUNDLE_IDENTIFIER = "mm.$(PRODUCT_NAME:rfc1034identifier)";
				PRODUCT_NAME = "$(TARGET_NAME)";
				SWIFT_VERSION = 3.0;
			};
			name = Release;
		};
		474FC2E41B31296A00793645 /* Debug */ = {
			isa = XCBuildConfiguration;
			buildSettings = {
				BUNDLE_LOADER = "$(TEST_HOST)";
				FRAMEWORK_SEARCH_PATHS = (
					"$(SDKROOT)/Developer/Library/Frameworks",
					"$(inherited)",
				);
				GCC_PREPROCESSOR_DEFINITIONS = (
					"DEBUG=1",
					"$(inherited)",
				);
				INFOPLIST_FILE = ArraysChallengeTests/Info.plist;
				LD_RUNPATH_SEARCH_PATHS = "$(inherited) @executable_path/Frameworks @loader_path/Frameworks";
				PRODUCT_BUNDLE_IDENTIFIER = "mm.$(PRODUCT_NAME:rfc1034identifier)";
				PRODUCT_NAME = "$(TARGET_NAME)";
				SWIFT_VERSION = 3.0;
				TEST_HOST = "$(BUILT_PRODUCTS_DIR)/ArraysChallenge.app/ArraysChallenge";
			};
			name = Debug;
		};
		474FC2E51B31296A00793645 /* Release */ = {
			isa = XCBuildConfiguration;
			buildSettings = {
				BUNDLE_LOADER = "$(TEST_HOST)";
				FRAMEWORK_SEARCH_PATHS = (
					"$(SDKROOT)/Developer/Library/Frameworks",
					"$(inherited)",
				);
				INFOPLIST_FILE = ArraysChallengeTests/Info.plist;
				LD_RUNPATH_SEARCH_PATHS = "$(inherited) @executable_path/Frameworks @loader_path/Frameworks";
				PRODUCT_BUNDLE_IDENTIFIER = "mm.$(PRODUCT_NAME:rfc1034identifier)";
				PRODUCT_NAME = "$(TARGET_NAME)";
				SWIFT_VERSION = 3.0;
				TEST_HOST = "$(BUILT_PRODUCTS_DIR)/ArraysChallenge.app/ArraysChallenge";
			};
			name = Release;
		};
/* End XCBuildConfiguration section */

/* Begin XCConfigurationList section */
		474FC2BC1B31296A00793645 /* Build configuration list for PBXProject "ArraysChallenge" */ = {
			isa = XCConfigurationList;
			buildConfigurations = (
				474FC2DE1B31296A00793645 /* Debug */,
				474FC2DF1B31296A00793645 /* Release */,
			);
			defaultConfigurationIsVisible = 0;
			defaultConfigurationName = Release;
		};
		474FC2E01B31296A00793645 /* Build configuration list for PBXNativeTarget "ArraysChallenge" */ = {
			isa = XCConfigurationList;
			buildConfigurations = (
				474FC2E11B31296A00793645 /* Debug */,
				474FC2E21B31296A00793645 /* Release */,
			);
			defaultConfigurationIsVisible = 0;
			defaultConfigurationName = Release;
		};
		474FC2E31B31296A00793645 /* Build configuration list for PBXNativeTarget "ArraysChallengeTests" */ = {
			isa = XCConfigurationList;
			buildConfigurations = (
				474FC2E41B31296A00793645 /* Debug */,
				474FC2E51B31296A00793645 /* Release */,
			);
			defaultConfigurationIsVisible = 0;
			defaultConfigurationName = Release;
		};
/* End XCConfigurationList section */
	};
	rootObject = 474FC2B91B31296A00793645 /* Project object */;
}
