
Microsoft Visual Studio Solution File, Format Version 12.00
# Visual Studio Version 16
VisualStudioVersion = 16.0.29123.88
MinimumVisualStudioVersion = 10.0.40219.1
Project("{FAE04EC0-301F-11D3-BF4B-00C04F79EFBC}") = "FinalProject", "FinalProject\FinalProject.csproj", "{845FAAC4-9C9A-4733-8DD8-A59A12BCE33A}"
EndProject
Global
	GlobalSection(SolutionConfigurationPlatforms) = preSolution
		Debug|Any CPU = Debug|Any CPU
		Release|Any CPU = Release|Any CPU
	EndGlobalSection
	GlobalSection(ProjectConfigurationPlatforms) = postSolution
		{845FAAC4-9C9A-4733-8DD8-A59A12BCE33A}.Debug|Any CPU.ActiveCfg = Debug|Any CPU
		{845FAAC4-9C9A-4733-8DD8-A59A12BCE33A}.Debug|Any CPU.Build.0 = Debug|Any CPU
		{845FAAC4-9C9A-4733-8DD8-A59A12BCE33A}.Release|Any CPU.ActiveCfg = Release|Any CPU
		{845FAAC4-9C9A-4733-8DD8-A59A12BCE33A}.Release|Any CPU.Build.0 = Release|Any CPU
	EndGlobalSection
	GlobalSection(SolutionProperties) = preSolution
		HideSolutionNode = FALSE
	EndGlobalSection
	GlobalSection(ExtensibilityGlobals) = postSolution
		SolutionGuid = {7E0805F4-3701-4D00-A100-AF5A80BD17CC}
	EndGlobalSection
EndGlobal
