
Microsoft Visual Studio Solution File, Format Version 12.00
# Visual Studio Version 16
VisualStudioVersion = 16.0.29926.136
MinimumVisualStudioVersion = 10.0.40219.1
Project("{FAE04EC0-301F-11D3-BF4B-00C04F79EFBC}") = "lesson3LabA.Android", "lesson3LabA\lesson3LabA.Android\lesson3LabA.Android.csproj", "{69E393B8-6FEC-41C8-B383-B4CE77F55BB9}"
EndProject
Project("{FAE04EC0-301F-11D3-BF4B-00C04F79EFBC}") = "lesson3LabA.iOS", "lesson3LabA\lesson3LabA.iOS\lesson3LabA.iOS.csproj", "{84CC4984-1E70-4FCE-988A-EAF5EE6E60BA}"
EndProject
Project("{FAE04EC0-301F-11D3-BF4B-00C04F79EFBC}") = "lesson3LabA", "lesson3LabA\lesson3LabA\lesson3LabA.csproj", "{6E0E5E96-17CB-4962-9B0C-472E4470E5CC}"
EndProject
Global
	GlobalSection(SolutionConfigurationPlatforms) = preSolution
		Debug|Any CPU = Debug|Any CPU
		Debug|iPhone = Debug|iPhone
		Debug|iPhoneSimulator = Debug|iPhoneSimulator
		Release|Any CPU = Release|Any CPU
		Release|iPhone = Release|iPhone
		Release|iPhoneSimulator = Release|iPhoneSimulator
	EndGlobalSection
	GlobalSection(ProjectConfigurationPlatforms) = postSolution
		{69E393B8-6FEC-41C8-B383-B4CE77F55BB9}.Debug|Any CPU.ActiveCfg = Debug|Any CPU
		{69E393B8-6FEC-41C8-B383-B4CE77F55BB9}.Debug|Any CPU.Build.0 = Debug|Any CPU
		{69E393B8-6FEC-41C8-B383-B4CE77F55BB9}.Debug|Any CPU.Deploy.0 = Debug|Any CPU
		{69E393B8-6FEC-41C8-B383-B4CE77F55BB9}.Debug|iPhone.ActiveCfg = Debug|Any CPU
		{69E393B8-6FEC-41C8-B383-B4CE77F55BB9}.Debug|iPhone.Build.0 = Debug|Any CPU
		{69E393B8-6FEC-41C8-B383-B4CE77F55BB9}.Debug|iPhone.Deploy.0 = Debug|Any CPU
		{69E393B8-6FEC-41C8-B383-B4CE77F55BB9}.Debug|iPhoneSimulator.ActiveCfg = Debug|Any CPU
		{69E393B8-6FEC-41C8-B383-B4CE77F55BB9}.Debug|iPhoneSimulator.Build.0 = Debug|Any CPU
		{69E393B8-6FEC-41C8-B383-B4CE77F55BB9}.Debug|iPhoneSimulator.Deploy.0 = Debug|Any CPU
		{69E393B8-6FEC-41C8-B383-B4CE77F55BB9}.Release|Any CPU.ActiveCfg = Release|Any CPU
		{69E393B8-6FEC-41C8-B383-B4CE77F55BB9}.Release|Any CPU.Build.0 = Release|Any CPU
		{69E393B8-6FEC-41C8-B383-B4CE77F55BB9}.Release|Any CPU.Deploy.0 = Release|Any CPU
		{69E393B8-6FEC-41C8-B383-B4CE77F55BB9}.Release|iPhone.ActiveCfg = Release|Any CPU
		{69E393B8-6FEC-41C8-B383-B4CE77F55BB9}.Release|iPhone.Build.0 = Release|Any CPU
		{69E393B8-6FEC-41C8-B383-B4CE77F55BB9}.Release|iPhone.Deploy.0 = Release|Any CPU
		{69E393B8-6FEC-41C8-B383-B4CE77F55BB9}.Release|iPhoneSimulator.ActiveCfg = Release|Any CPU
		{69E393B8-6FEC-41C8-B383-B4CE77F55BB9}.Release|iPhoneSimulator.Build.0 = Release|Any CPU
		{69E393B8-6FEC-41C8-B383-B4CE77F55BB9}.Release|iPhoneSimulator.Deploy.0 = Release|Any CPU
		{84CC4984-1E70-4FCE-988A-EAF5EE6E60BA}.Debug|Any CPU.ActiveCfg = Debug|iPhone
		{84CC4984-1E70-4FCE-988A-EAF5EE6E60BA}.Debug|Any CPU.Build.0 = Debug|iPhone
		{84CC4984-1E70-4FCE-988A-EAF5EE6E60BA}.Debug|Any CPU.Deploy.0 = Debug|iPhone
		{84CC4984-1E70-4FCE-988A-EAF5EE6E60BA}.Debug|iPhone.ActiveCfg = Debug|iPhone
		{84CC4984-1E70-4FCE-988A-EAF5EE6E60BA}.Debug|iPhone.Build.0 = Debug|iPhone
		{84CC4984-1E70-4FCE-988A-EAF5EE6E60BA}.Debug|iPhone.Deploy.0 = Debug|iPhone
		{84CC4984-1E70-4FCE-988A-EAF5EE6E60BA}.Debug|iPhoneSimulator.ActiveCfg = Debug|iPhoneSimulator
		{84CC4984-1E70-4FCE-988A-EAF5EE6E60BA}.Debug|iPhoneSimulator.Build.0 = Debug|iPhoneSimulator
		{84CC4984-1E70-4FCE-988A-EAF5EE6E60BA}.Debug|iPhoneSimulator.Deploy.0 = Debug|iPhoneSimulator
		{84CC4984-1E70-4FCE-988A-EAF5EE6E60BA}.Release|Any CPU.ActiveCfg = Release|iPhone
		{84CC4984-1E70-4FCE-988A-EAF5EE6E60BA}.Release|Any CPU.Build.0 = Release|iPhone
		{84CC4984-1E70-4FCE-988A-EAF5EE6E60BA}.Release|Any CPU.Deploy.0 = Release|iPhone
		{84CC4984-1E70-4FCE-988A-EAF5EE6E60BA}.Release|iPhone.ActiveCfg = Release|iPhone
		{84CC4984-1E70-4FCE-988A-EAF5EE6E60BA}.Release|iPhone.Build.0 = Release|iPhone
		{84CC4984-1E70-4FCE-988A-EAF5EE6E60BA}.Release|iPhone.Deploy.0 = Release|iPhone
		{84CC4984-1E70-4FCE-988A-EAF5EE6E60BA}.Release|iPhoneSimulator.ActiveCfg = Release|iPhoneSimulator
		{84CC4984-1E70-4FCE-988A-EAF5EE6E60BA}.Release|iPhoneSimulator.Build.0 = Release|iPhoneSimulator
		{84CC4984-1E70-4FCE-988A-EAF5EE6E60BA}.Release|iPhoneSimulator.Deploy.0 = Release|iPhoneSimulator
		{6E0E5E96-17CB-4962-9B0C-472E4470E5CC}.Debug|Any CPU.ActiveCfg = Debug|Any CPU
		{6E0E5E96-17CB-4962-9B0C-472E4470E5CC}.Debug|Any CPU.Build.0 = Debug|Any CPU
		{6E0E5E96-17CB-4962-9B0C-472E4470E5CC}.Debug|Any CPU.Deploy.0 = Debug|Any CPU
		{6E0E5E96-17CB-4962-9B0C-472E4470E5CC}.Debug|iPhone.ActiveCfg = Debug|Any CPU
		{6E0E5E96-17CB-4962-9B0C-472E4470E5CC}.Debug|iPhone.Build.0 = Debug|Any CPU
		{6E0E5E96-17CB-4962-9B0C-472E4470E5CC}.Debug|iPhone.Deploy.0 = Debug|Any CPU
		{6E0E5E96-17CB-4962-9B0C-472E4470E5CC}.Debug|iPhoneSimulator.ActiveCfg = Debug|Any CPU
		{6E0E5E96-17CB-4962-9B0C-472E4470E5CC}.Debug|iPhoneSimulator.Build.0 = Debug|Any CPU
		{6E0E5E96-17CB-4962-9B0C-472E4470E5CC}.Debug|iPhoneSimulator.Deploy.0 = Debug|Any CPU
		{6E0E5E96-17CB-4962-9B0C-472E4470E5CC}.Release|Any CPU.ActiveCfg = Release|Any CPU
		{6E0E5E96-17CB-4962-9B0C-472E4470E5CC}.Release|Any CPU.Build.0 = Release|Any CPU
		{6E0E5E96-17CB-4962-9B0C-472E4470E5CC}.Release|Any CPU.Deploy.0 = Release|Any CPU
		{6E0E5E96-17CB-4962-9B0C-472E4470E5CC}.Release|iPhone.ActiveCfg = Release|Any CPU
		{6E0E5E96-17CB-4962-9B0C-472E4470E5CC}.Release|iPhone.Build.0 = Release|Any CPU
		{6E0E5E96-17CB-4962-9B0C-472E4470E5CC}.Release|iPhone.Deploy.0 = Release|Any CPU
		{6E0E5E96-17CB-4962-9B0C-472E4470E5CC}.Release|iPhoneSimulator.ActiveCfg = Release|Any CPU
		{6E0E5E96-17CB-4962-9B0C-472E4470E5CC}.Release|iPhoneSimulator.Build.0 = Release|Any CPU
		{6E0E5E96-17CB-4962-9B0C-472E4470E5CC}.Release|iPhoneSimulator.Deploy.0 = Release|Any CPU
	EndGlobalSection
	GlobalSection(SolutionProperties) = preSolution
		HideSolutionNode = FALSE
	EndGlobalSection
	GlobalSection(ExtensibilityGlobals) = postSolution
		SolutionGuid = {6DFD4A93-57E3-4FEC-B2E6-FEE03E9D0A0A}
	EndGlobalSection
EndGlobal
