
Microsoft Visual Studio Solution File, Format Version 12.00
# Visual Studio Version 16
VisualStudioVersion = 16.0.29123.88
MinimumVisualStudioVersion = 10.0.40219.1
Project("{FAE04EC0-301F-11D3-BF4B-00C04F79EFBC}") = "Week10Assignment", "Week10Assignment\Week10Assignment.csproj", "{E5C297BE-FDE0-4476-A548-06640B554F3E}"
EndProject
Global
	GlobalSection(SolutionConfigurationPlatforms) = preSolution
		Debug|Any CPU = Debug|Any CPU
		Release|Any CPU = Release|Any CPU
	EndGlobalSection
	GlobalSection(ProjectConfigurationPlatforms) = postSolution
		{E5C297BE-FDE0-4476-A548-06640B554F3E}.Debug|Any CPU.ActiveCfg = Debug|Any CPU
		{E5C297BE-FDE0-4476-A548-06640B554F3E}.Debug|Any CPU.Build.0 = Debug|Any CPU
		{E5C297BE-FDE0-4476-A548-06640B554F3E}.Release|Any CPU.ActiveCfg = Release|Any CPU
		{E5C297BE-FDE0-4476-A548-06640B554F3E}.Release|Any CPU.Build.0 = Release|Any CPU
	EndGlobalSection
	GlobalSection(SolutionProperties) = preSolution
		HideSolutionNode = FALSE
	EndGlobalSection
	GlobalSection(ExtensibilityGlobals) = postSolution
		SolutionGuid = {A88F6A92-21F4-4DE6-8694-DFC115A1DDB4}
	EndGlobalSection
EndGlobal
