// !$*UTF8*$!
{
	archiveVersion = 1;
	classes = {
	};
	objectVersion = 50;
	objects = {

/* Begin PBXBuildFile section */
		71F134EF2200CC3300A2DC7B /* AppDelegate.swift in Sources */ = {isa = PBXBuildFile; fileRef = 71F134EE2200CC3300A2DC7B /* AppDelegate.swift */; };
		71F134F12200CC3300A2DC7B /* ViewController.swift in Sources */ = {isa = PBXBuildFile; fileRef = 71F134F02200CC3300A2DC7B /* ViewController.swift */; };
		71F134F42200CC3300A2DC7B /* Main.storyboard in Resources */ = {isa = PBXBuildFile; fileRef = 71F134F22200CC3300A2DC7B /* Main.storyboard */; };
		71F134F62200CC3900A2DC7B /* Assets.xcassets in Resources */ = {isa = PBXBuildFile; fileRef = 71F134F52200CC3900A2DC7B /* Assets.xcassets */; };
		71F134F92200CC3900A2DC7B /* LaunchScreen.storyboard in Resources */ = {isa = PBXBuildFile; fileRef = 71F134F72200CC3900A2DC7B /* LaunchScreen.storyboard */; };
		71F135042200CC3900A2DC7B /* guessingGameTests.swift in Sources */ = {isa = PBXBuildFile; fileRef = 71F135032200CC3900A2DC7B /* guessingGameTests.swift */; };
		71F1350F2200CC3900A2DC7B /* guessingGameUITests.swift in Sources */ = {isa = PBXBuildFile; fileRef = 71F1350E2200CC3900A2DC7B /* guessingGameUITests.swift */; };
/* End PBXBuildFile section */

/* Begin PBXContainerItemProxy section */
		71F135002200CC3900A2DC7B /* PBXContainerItemProxy */ = {
			isa = PBXContainerItemProxy;
			containerPortal = 71F134E32200CC3300A2DC7B /* Project object */;
			proxyType = 1;
			remoteGlobalIDString = 71F134EA2200CC3300A2DC7B;
			remoteInfo = guessingGame;
		};
		71F1350B2200CC3900A2DC7B /* PBXContainerItemProxy */ = {
			isa = PBXContainerItemProxy;
			containerPortal = 71F134E32200CC3300A2DC7B /* Project object */;
			proxyType = 1;
			remoteGlobalIDString = 71F134EA2200CC3300A2DC7B;
			remoteInfo = guessingGame;
		};
/* End PBXContainerItemProxy section */

/* Begin PBXFileReference section */
		71F134EB2200CC3300A2DC7B /* guessingGame.app */ = {isa = PBXFileReference; explicitFileType = wrapper.application; includeInIndex = 0; path = guessingGame.app; sourceTree = BUILT_PRODUCTS_DIR; };
		71F134EE2200CC3300A2DC7B /* AppDelegate.swift */ = {isa = PBXFileReference; lastKnownFileType = sourcecode.swift; path = AppDelegate.swift; sourceTree = "<group>"; };
		71F134F02200CC3300A2DC7B /* ViewController.swift */ = {isa = PBXFileReference; lastKnownFileType = sourcecode.swift; path = ViewController.swift; sourceTree = "<group>"; };
		71F134F32200CC3300A2DC7B /* Base */ = {isa = PBXFileReference; lastKnownFileType = file.storyboard; name = Base; path = Base.lproj/Main.storyboard; sourceTree = "<group>"; };
		71F134F52200CC3900A2DC7B /* Assets.xcassets */ = {isa = PBXFileReference; lastKnownFileType = folder.assetcatalog; path = Assets.xcassets; sourceTree = "<group>"; };
		71F134F82200CC3900A2DC7B /* Base */ = {isa = PBXFileReference; lastKnownFileType = file.storyboard; name = Base; path = Base.lproj/LaunchScreen.storyboard; sourceTree = "<group>"; };
		71F134FA2200CC3900A2DC7B /* Info.plist */ = {isa = PBXFileReference; lastKnownFileType = text.plist.xml; path = Info.plist; sourceTree = "<group>"; };
		71F134FF2200CC3900A2DC7B /* guessingGameTests.xctest */ = {isa = PBXFileReference; explicitFileType = wrapper.cfbundle; includeInIndex = 0; path = guessingGameTests.xctest; sourceTree = BUILT_PRODUCTS_DIR; };
		71F135032200CC3900A2DC7B /* guessingGameTests.swift */ = {isa = PBXFileReference; lastKnownFileType = sourcecode.swift; path = guessingGameTests.swift; sourceTree = "<group>"; };
		71F135052200CC3900A2DC7B /* Info.plist */ = {isa = PBXFileReference; lastKnownFileType = text.plist.xml; path = Info.plist; sourceTree = "<group>"; };
		71F1350A2200CC3900A2DC7B /* guessingGameUITests.xctest */ = {isa = PBXFileReference; explicitFileType = wrapper.cfbundle; includeInIndex = 0; path = guessingGameUITests.xctest; sourceTree = BUILT_PRODUCTS_DIR; };
		71F1350E2200CC3900A2DC7B /* guessingGameUITests.swift */ = {isa = PBXFileReference; lastKnownFileType = sourcecode.swift; path = guessingGameUITests.swift; sourceTree = "<group>"; };
		71F135102200CC3900A2DC7B /* Info.plist */ = {isa = PBXFileReference; lastKnownFileType = text.plist.xml; path = Info.plist; sourceTree = "<group>"; };
/* End PBXFileReference section */

/* Begin PBXFrameworksBuildPhase section */
		71F134E82200CC3300A2DC7B /* Frameworks */ = {
			isa = PBXFrameworksBuildPhase;
			buildActionMask = 2147483647;
			files = (
			);
			runOnlyForDeploymentPostprocessing = 0;
		};
		71F134FC2200CC3900A2DC7B /* Frameworks */ = {
			isa = PBXFrameworksBuildPhase;
			buildActionMask = 2147483647;
			files = (
			);
			runOnlyForDeploymentPostprocessing = 0;
		};
		71F135072200CC3900A2DC7B /* Frameworks */ = {
			isa = PBXFrameworksBuildPhase;
			buildActionMask = 2147483647;
			files = (
			);
			runOnlyForDeploymentPostprocessing = 0;
		};
/* End PBXFrameworksBuildPhase section */

/* Begin PBXGroup section */
		71F134E22200CC3300A2DC7B = {
			isa = PBXGroup;
			children = (
				71F134ED2200CC3300A2DC7B /* guessingGame */,
				71F135022200CC3900A2DC7B /* guessingGameTests */,
				71F1350D2200CC3900A2DC7B /* guessingGameUITests */,
				71F134EC2200CC3300A2DC7B /* Products */,
			);
			sourceTree = "<group>";
		};
		71F134EC2200CC3300A2DC7B /* Products */ = {
			isa = PBXGroup;
			children = (
				71F134EB2200CC3300A2DC7B /* guessingGame.app */,
				71F134FF2200CC3900A2DC7B /* guessingGameTests.xctest */,
				71F1350A2200CC3900A2DC7B /* guessingGameUITests.xctest */,
			);
			name = Products;
			sourceTree = "<group>";
		};
		71F134ED2200CC3300A2DC7B /* guessingGame */ = {
			isa = PBXGroup;
			children = (
				71F134EE2200CC3300A2DC7B /* AppDelegate.swift */,
				71F134F02200CC3300A2DC7B /* ViewController.swift */,
				71F134F22200CC3300A2DC7B /* Main.storyboard */,
				71F134F52200CC3900A2DC7B /* Assets.xcassets */,
				71F134F72200CC3900A2DC7B /* LaunchScreen.storyboard */,
				71F134FA2200CC3900A2DC7B /* Info.plist */,
			);
			path = guessingGame;
			sourceTree = "<group>";
		};
		71F135022200CC3900A2DC7B /* guessingGameTests */ = {
			isa = PBXGroup;
			children = (
				71F135032200CC3900A2DC7B /* guessingGameTests.swift */,
				71F135052200CC3900A2DC7B /* Info.plist */,
			);
			path = guessingGameTests;
			sourceTree = "<group>";
		};
		71F1350D2200CC3900A2DC7B /* guessingGameUITests */ = {
			isa = PBXGroup;
			children = (
				71F1350E2200CC3900A2DC7B /* guessingGameUITests.swift */,
				71F135102200CC3900A2DC7B /* Info.plist */,
			);
			path = guessingGameUITests;
			sourceTree = "<group>";
		};
/* End PBXGroup section */

/* Begin PBXNativeTarget section */
		71F134EA2200CC3300A2DC7B /* guessingGame */ = {
			isa = PBXNativeTarget;
			buildConfigurationList = 71F135132200CC3900A2DC7B /* Build configuration list for PBXNativeTarget "guessingGame" */;
			buildPhases = (
				71F134E72200CC3300A2DC7B /* Sources */,
				71F134E82200CC3300A2DC7B /* Frameworks */,
				71F134E92200CC3300A2DC7B /* Resources */,
			);
			buildRules = (
			);
			dependencies = (
			);
			name = guessingGame;
			productName = guessingGame;
			productReference = 71F134EB2200CC3300A2DC7B /* guessingGame.app */;
			productType = "com.apple.product-type.application";
		};
		71F134FE2200CC3900A2DC7B /* guessingGameTests */ = {
			isa = PBXNativeTarget;
			buildConfigurationList = 71F135162200CC3900A2DC7B /* Build configuration list for PBXNativeTarget "guessingGameTests" */;
			buildPhases = (
				71F134FB2200CC3900A2DC7B /* Sources */,
				71F134FC2200CC3900A2DC7B /* Frameworks */,
				71F134FD2200CC3900A2DC7B /* Resources */,
			);
			buildRules = (
			);
			dependencies = (
				71F135012200CC3900A2DC7B /* PBXTargetDependency */,
			);
			name = guessingGameTests;
			productName = guessingGameTests;
			productReference = 71F134FF2200CC3900A2DC7B /* guessingGameTests.xctest */;
			productType = "com.apple.product-type.bundle.unit-test";
		};
		71F135092200CC3900A2DC7B /* guessingGameUITests */ = {
			isa = PBXNativeTarget;
			buildConfigurationList = 71F135192200CC3900A2DC7B /* Build configuration list for PBXNativeTarget "guessingGameUITests" */;
			buildPhases = (
				71F135062200CC3900A2DC7B /* Sources */,
				71F135072200CC3900A2DC7B /* Frameworks */,
				71F135082200CC3900A2DC7B /* Resources */,
			);
			buildRules = (
			);
			dependencies = (
				71F1350C2200CC3900A2DC7B /* PBXTargetDependency */,
			);
			name = guessingGameUITests;
			productName = guessingGameUITests;
			productReference = 71F1350A2200CC3900A2DC7B /* guessingGameUITests.xctest */;
			productType = "com.apple.product-type.bundle.ui-testing";
		};
/* End PBXNativeTarget section */

/* Begin PBXProject section */
		71F134E32200CC3300A2DC7B /* Project object */ = {
			isa = PBXProject;
			attributes = {
				LastSwiftUpdateCheck = 1010;
				LastUpgradeCheck = 1010;
				ORGANIZATIONNAME = "Achatz, Thomas";
				TargetAttributes = {
					71F134EA2200CC3300A2DC7B = {
						CreatedOnToolsVersion = 10.1;
					};
					71F134FE2200CC3900A2DC7B = {
						CreatedOnToolsVersion = 10.1;
						TestTargetID = 71F134EA2200CC3300A2DC7B;
					};
					71F135092200CC3900A2DC7B = {
						CreatedOnToolsVersion = 10.1;
						TestTargetID = 71F134EA2200CC3300A2DC7B;
					};
				};
			};
			buildConfigurationList = 71F134E62200CC3300A2DC7B /* Build configuration list for PBXProject "guessingGame" */;
			compatibilityVersion = "Xcode 9.3";
			developmentRegion = en;
			hasScannedForEncodings = 0;
			knownRegions = (
				en,
				Base,
			);
			mainGroup = 71F134E22200CC3300A2DC7B;
			productRefGroup = 71F134EC2200CC3300A2DC7B /* Products */;
			projectDirPath = "";
			projectRoot = "";
			targets = (
				71F134EA2200CC3300A2DC7B /* guessingGame */,
				71F134FE2200CC3900A2DC7B /* guessingGameTests */,
				71F135092200CC3900A2DC7B /* guessingGameUITests */,
			);
		};
/* End PBXProject section */

/* Begin PBXResourcesBuildPhase section */
		71F134E92200CC3300A2DC7B /* Resources */ = {
			isa = PBXResourcesBuildPhase;
			buildActionMask = 2147483647;
			files = (
				71F134F92200CC3900A2DC7B /* LaunchScreen.storyboard in Resources */,
				71F134F62200CC3900A2DC7B /* Assets.xcassets in Resources */,
				71F134F42200CC3300A2DC7B /* Main.storyboard in Resources */,
			);
			runOnlyForDeploymentPostprocessing = 0;
		};
		71F134FD2200CC3900A2DC7B /* Resources */ = {
			isa = PBXResourcesBuildPhase;
			buildActionMask = 2147483647;
			files = (
			);
			runOnlyForDeploymentPostprocessing = 0;
		};
		71F135082200CC3900A2DC7B /* Resources */ = {
			isa = PBXResourcesBuildPhase;
			buildActionMask = 2147483647;
			files = (
			);
			runOnlyForDeploymentPostprocessing = 0;
		};
/* End PBXResourcesBuildPhase section */

/* Begin PBXSourcesBuildPhase section */
		71F134E72200CC3300A2DC7B /* Sources */ = {
			isa = PBXSourcesBuildPhase;
			buildActionMask = 2147483647;
			files = (
				71F134F12200CC3300A2DC7B /* ViewController.swift in Sources */,
				71F134EF2200CC3300A2DC7B /* AppDelegate.swift in Sources */,
			);
			runOnlyForDeploymentPostprocessing = 0;
		};
		71F134FB2200CC3900A2DC7B /* Sources */ = {
			isa = PBXSourcesBuildPhase;
			buildActionMask = 2147483647;
			files = (
				71F135042200CC3900A2DC7B /* guessingGameTests.swift in Sources */,
			);
			runOnlyForDeploymentPostprocessing = 0;
		};
		71F135062200CC3900A2DC7B /* Sources */ = {
			isa = PBXSourcesBuildPhase;
			buildActionMask = 2147483647;
			files = (
				71F1350F2200CC3900A2DC7B /* guessingGameUITests.swift in Sources */,
			);
			runOnlyForDeploymentPostprocessing = 0;
		};
/* End PBXSourcesBuildPhase section */

/* Begin PBXTargetDependency section */
		71F135012200CC3900A2DC7B /* PBXTargetDependency */ = {
			isa = PBXTargetDependency;
			target = 71F134EA2200CC3300A2DC7B /* guessingGame */;
			targetProxy = 71F135002200CC3900A2DC7B /* PBXContainerItemProxy */;
		};
		71F1350C2200CC3900A2DC7B /* PBXTargetDependency */ = {
			isa = PBXTargetDependency;
			target = 71F134EA2200CC3300A2DC7B /* guessingGame */;
			targetProxy = 71F1350B2200CC3900A2DC7B /* PBXContainerItemProxy */;
		};
/* End PBXTargetDependency section */

/* Begin PBXVariantGroup section */
		71F134F22200CC3300A2DC7B /* Main.storyboard */ = {
			isa = PBXVariantGroup;
			children = (
				71F134F32200CC3300A2DC7B /* Base */,
			);
			name = Main.storyboard;
			sourceTree = "<group>";
		};
		71F134F72200CC3900A2DC7B /* LaunchScreen.storyboard */ = {
			isa = PBXVariantGroup;
			children = (
				71F134F82200CC3900A2DC7B /* Base */,
			);
			name = LaunchScreen.storyboard;
			sourceTree = "<group>";
		};
/* End PBXVariantGroup section */

/* Begin XCBuildConfiguration section */
		71F135112200CC3900A2DC7B /* Debug */ = {
			isa = XCBuildConfiguration;
			buildSettings = {
				ALWAYS_SEARCH_USER_PATHS = NO;
				CLANG_ANALYZER_NONNULL = YES;
				CLANG_ANALYZER_NUMBER_OBJECT_CONVERSION = YES_AGGRESSIVE;
				CLANG_CXX_LANGUAGE_STANDARD = "gnu++14";
				CLANG_CXX_LIBRARY = "libc++";
				CLANG_ENABLE_MODULES = YES;
				CLANG_ENABLE_OBJC_ARC = YES;
				CLANG_ENABLE_OBJC_WEAK = YES;
				CLANG_WARN_BLOCK_CAPTURE_AUTORELEASING = YES;
				CLANG_WARN_BOOL_CONVERSION = YES;
				CLANG_WARN_COMMA = YES;
				CLANG_WARN_CONSTANT_CONVERSION = YES;
				CLANG_WARN_DEPRECATED_OBJC_IMPLEMENTATIONS = YES;
				CLANG_WARN_DIRECT_OBJC_ISA_USAGE = YES_ERROR;
				CLANG_WARN_DOCUMENTATION_COMMENTS = YES;
				CLANG_WARN_EMPTY_BODY = YES;
				CLANG_WARN_ENUM_CONVERSION = YES;
				CLANG_WARN_INFINITE_RECURSION = YES;
				CLANG_WARN_INT_CONVERSION = YES;
				CLANG_WARN_NON_LITERAL_NULL_CONVERSION = YES;
				CLANG_WARN_OBJC_IMPLICIT_RETAIN_SELF = YES;
				CLANG_WARN_OBJC_LITERAL_CONVERSION = YES;
				CLANG_WARN_OBJC_ROOT_CLASS = YES_ERROR;
				CLANG_WARN_RANGE_LOOP_ANALYSIS = YES;
				CLANG_WARN_STRICT_PROTOTYPES = YES;
				CLANG_WARN_SUSPICIOUS_MOVE = YES;
				CLANG_WARN_UNGUARDED_AVAILABILITY = YES_AGGRESSIVE;
				CLANG_WARN_UNREACHABLE_CODE = YES;
				CLANG_WARN__DUPLICATE_METHOD_MATCH = YES;
				CODE_SIGN_IDENTITY = "iPhone Developer";
				COPY_PHASE_STRIP = NO;
				DEBUG_INFORMATION_FORMAT = dwarf;
				ENABLE_STRICT_OBJC_MSGSEND = YES;
				ENABLE_TESTABILITY = YES;
				GCC_C_LANGUAGE_STANDARD = gnu11;
				GCC_DYNAMIC_NO_PIC = NO;
				GCC_NO_COMMON_BLOCKS = YES;
				GCC_OPTIMIZATION_LEVEL = 0;
				GCC_PREPROCESSOR_DEFINITIONS = (
					"DEBUG=1",
					"$(inherited)",
				);
				GCC_WARN_64_TO_32_BIT_CONVERSION = YES;
				GCC_WARN_ABOUT_RETURN_TYPE = YES_ERROR;
				GCC_WARN_UNDECLARED_SELECTOR = YES;
				GCC_WARN_UNINITIALIZED_AUTOS = YES_AGGRESSIVE;
				GCC_WARN_UNUSED_FUNCTION = YES;
				GCC_WARN_UNUSED_VARIABLE = YES;
				IPHONEOS_DEPLOYMENT_TARGET = 12.1;
				MTL_ENABLE_DEBUG_INFO = INCLUDE_SOURCE;
				MTL_FAST_MATH = YES;
				ONLY_ACTIVE_ARCH = YES;
				SDKROOT = iphoneos;
				SWIFT_ACTIVE_COMPILATION_CONDITIONS = DEBUG;
				SWIFT_OPTIMIZATION_LEVEL = "-Onone";
			};
			name = Debug;
		};
		71F135122200CC3900A2DC7B /* Release */ = {
			isa = XCBuildConfiguration;
			buildSettings = {
				ALWAYS_SEARCH_USER_PATHS = NO;
				CLANG_ANALYZER_NONNULL = YES;
				CLANG_ANALYZER_NUMBER_OBJECT_CONVERSION = YES_AGGRESSIVE;
				CLANG_CXX_LANGUAGE_STANDARD = "gnu++14";
				CLANG_CXX_LIBRARY = "libc++";
				CLANG_ENABLE_MODULES = YES;
				CLANG_ENABLE_OBJC_ARC = YES;
				CLANG_ENABLE_OBJC_WEAK = YES;
				CLANG_WARN_BLOCK_CAPTURE_AUTORELEASING = YES;
				CLANG_WARN_BOOL_CONVERSION = YES;
				CLANG_WARN_COMMA = YES;
				CLANG_WARN_CONSTANT_CONVERSION = YES;
				CLANG_WARN_DEPRECATED_OBJC_IMPLEMENTATIONS = YES;
				CLANG_WARN_DIRECT_OBJC_ISA_USAGE = YES_ERROR;
				CLANG_WARN_DOCUMENTATION_COMMENTS = YES;
				CLANG_WARN_EMPTY_BODY = YES;
				CLANG_WARN_ENUM_CONVERSION = YES;
				CLANG_WARN_INFINITE_RECURSION = YES;
				CLANG_WARN_INT_CONVERSION = YES;
				CLANG_WARN_NON_LITERAL_NULL_CONVERSION = YES;
				CLANG_WARN_OBJC_IMPLICIT_RETAIN_SELF = YES;
				CLANG_WARN_OBJC_LITERAL_CONVERSION = YES;
				CLANG_WARN_OBJC_ROOT_CLASS = YES_ERROR;
				CLANG_WARN_RANGE_LOOP_ANALYSIS = YES;
				CLANG_WARN_STRICT_PROTOTYPES = YES;
				CLANG_WARN_SUSPICIOUS_MOVE = YES;
				CLANG_WARN_UNGUARDED_AVAILABILITY = YES_AGGRESSIVE;
				CLANG_WARN_UNREACHABLE_CODE = YES;
				CLANG_WARN__DUPLICATE_METHOD_MATCH = YES;
				CODE_SIGN_IDENTITY = "iPhone Developer";
				COPY_PHASE_STRIP = NO;
				DEBUG_INFORMATION_FORMAT = "dwarf-with-dsym";
				ENABLE_NS_ASSERTIONS = NO;
				ENABLE_STRICT_OBJC_MSGSEND = YES;
				GCC_C_LANGUAGE_STANDARD = gnu11;
				GCC_NO_COMMON_BLOCKS = YES;
				GCC_WARN_64_TO_32_BIT_CONVERSION = YES;
				GCC_WARN_ABOUT_RETURN_TYPE = YES_ERROR;
				GCC_WARN_UNDECLARED_SELECTOR = YES;
				GCC_WARN_UNINITIALIZED_AUTOS = YES_AGGRESSIVE;
				GCC_WARN_UNUSED_FUNCTION = YES;
				GCC_WARN_UNUSED_VARIABLE = YES;
				IPHONEOS_DEPLOYMENT_TARGET = 12.1;
				MTL_ENABLE_DEBUG_INFO = NO;
				MTL_FAST_MATH = YES;
				SDKROOT = iphoneos;
				SWIFT_COMPILATION_MODE = wholemodule;
				SWIFT_OPTIMIZATION_LEVEL = "-O";
				VALIDATE_PRODUCT = YES;
			};
			name = Release;
		};
		71F135142200CC3900A2DC7B /* Debug */ = {
			isa = XCBuildConfiguration;
			buildSettings = {
				ASSETCATALOG_COMPILER_APPICON_NAME = AppIcon;
				CODE_SIGN_STYLE = Automatic;
				INFOPLIST_FILE = guessingGame/Info.plist;
				LD_RUNPATH_SEARCH_PATHS = (
					"$(inherited)",
					"@executable_path/Frameworks",
				);
				PRODUCT_BUNDLE_IDENTIFIER = waukeshaNorth.guessingGame;
				PRODUCT_NAME = "$(TARGET_NAME)";
				SWIFT_VERSION = 4.2;
				TARGETED_DEVICE_FAMILY = "1,2";
			};
			name = Debug;
		};
		71F135152200CC3900A2DC7B /* Release */ = {
			isa = XCBuildConfiguration;
			buildSettings = {
				ASSETCATALOG_COMPILER_APPICON_NAME = AppIcon;
				CODE_SIGN_STYLE = Automatic;
				INFOPLIST_FILE = guessingGame/Info.plist;
				LD_RUNPATH_SEARCH_PATHS = (
					"$(inherited)",
					"@executable_path/Frameworks",
				);
				PRODUCT_BUNDLE_IDENTIFIER = waukeshaNorth.guessingGame;
				PRODUCT_NAME = "$(TARGET_NAME)";
				SWIFT_VERSION = 4.2;
				TARGETED_DEVICE_FAMILY = "1,2";
			};
			name = Release;
		};
		71F135172200CC3900A2DC7B /* Debug */ = {
			isa = XCBuildConfiguration;
			buildSettings = {
				ALWAYS_EMBED_SWIFT_STANDARD_LIBRARIES = YES;
				BUNDLE_LOADER = "$(TEST_HOST)";
				CODE_SIGN_STYLE = Automatic;
				INFOPLIST_FILE = guessingGameTests/Info.plist;
				LD_RUNPATH_SEARCH_PATHS = (
					"$(inherited)",
					"@executable_path/Frameworks",
					"@loader_path/Frameworks",
				);
				PRODUCT_BUNDLE_IDENTIFIER = waukeshaNorth.guessingGameTests;
				PRODUCT_NAME = "$(TARGET_NAME)";
				SWIFT_VERSION = 4.2;
				TARGETED_DEVICE_FAMILY = "1,2";
				TEST_HOST = "$(BUILT_PRODUCTS_DIR)/guessingGame.app/guessingGame";
			};
			name = Debug;
		};
		71F135182200CC3900A2DC7B /* Release */ = {
			isa = XCBuildConfiguration;
			buildSettings = {
				ALWAYS_EMBED_SWIFT_STANDARD_LIBRARIES = YES;
				BUNDLE_LOADER = "$(TEST_HOST)";
				CODE_SIGN_STYLE = Automatic;
				INFOPLIST_FILE = guessingGameTests/Info.plist;
				LD_RUNPATH_SEARCH_PATHS = (
					"$(inherited)",
					"@executable_path/Frameworks",
					"@loader_path/Frameworks",
				);
				PRODUCT_BUNDLE_IDENTIFIER = waukeshaNorth.guessingGameTests;
				PRODUCT_NAME = "$(TARGET_NAME)";
				SWIFT_VERSION = 4.2;
				TARGETED_DEVICE_FAMILY = "1,2";
				TEST_HOST = "$(BUILT_PRODUCTS_DIR)/guessingGame.app/guessingGame";
			};
			name = Release;
		};
		71F1351A2200CC3900A2DC7B /* Debug */ = {
			isa = XCBuildConfiguration;
			buildSettings = {
				ALWAYS_EMBED_SWIFT_STANDARD_LIBRARIES = YES;
				CODE_SIGN_STYLE = Automatic;
				INFOPLIST_FILE = guessingGameUITests/Info.plist;
				LD_RUNPATH_SEARCH_PATHS = (
					"$(inherited)",
					"@executable_path/Frameworks",
					"@loader_path/Frameworks",
				);
				PRODUCT_BUNDLE_IDENTIFIER = waukeshaNorth.guessingGameUITests;
				PRODUCT_NAME = "$(TARGET_NAME)";
				SWIFT_VERSION = 4.2;
				TARGETED_DEVICE_FAMILY = "1,2";
				TEST_TARGET_NAME = guessingGame;
			};
			name = Debug;
		};
		71F1351B2200CC3900A2DC7B /* Release */ = {
			isa = XCBuildConfiguration;
			buildSettings = {
				ALWAYS_EMBED_SWIFT_STANDARD_LIBRARIES = YES;
				CODE_SIGN_STYLE = Automatic;
				INFOPLIST_FILE = guessingGameUITests/Info.plist;
				LD_RUNPATH_SEARCH_PATHS = (
					"$(inherited)",
					"@executable_path/Frameworks",
					"@loader_path/Frameworks",
				);
				PRODUCT_BUNDLE_IDENTIFIER = waukeshaNorth.guessingGameUITests;
				PRODUCT_NAME = "$(TARGET_NAME)";
				SWIFT_VERSION = 4.2;
				TARGETED_DEVICE_FAMILY = "1,2";
				TEST_TARGET_NAME = guessingGame;
			};
			name = Release;
		};
/* End XCBuildConfiguration section */

/* Begin XCConfigurationList section */
		71F134E62200CC3300A2DC7B /* Build configuration list for PBXProject "guessingGame" */ = {
			isa = XCConfigurationList;
			buildConfigurations = (
				71F135112200CC3900A2DC7B /* Debug */,
				71F135122200CC3900A2DC7B /* Release */,
			);
			defaultConfigurationIsVisible = 0;
			defaultConfigurationName = Release;
		};
		71F135132200CC3900A2DC7B /* Build configuration list for PBXNativeTarget "guessingGame" */ = {
			isa = XCConfigurationList;
			buildConfigurations = (
				71F135142200CC3900A2DC7B /* Debug */,
				71F135152200CC3900A2DC7B /* Release */,
			);
			defaultConfigurationIsVisible = 0;
			defaultConfigurationName = Release;
		};
		71F135162200CC3900A2DC7B /* Build configuration list for PBXNativeTarget "guessingGameTests" */ = {
			isa = XCConfigurationList;
			buildConfigurations = (
				71F135172200CC3900A2DC7B /* Debug */,
				71F135182200CC3900A2DC7B /* Release */,
			);
			defaultConfigurationIsVisible = 0;
			defaultConfigurationName = Release;
		};
		71F135192200CC3900A2DC7B /* Build configuration list for PBXNativeTarget "guessingGameUITests" */ = {
			isa = XCConfigurationList;
			buildConfigurations = (
				71F1351A2200CC3900A2DC7B /* Debug */,
				71F1351B2200CC3900A2DC7B /* Release */,
			);
			defaultConfigurationIsVisible = 0;
			defaultConfigurationName = Release;
		};
/* End XCConfigurationList section */
	};
	rootObject = 71F134E32200CC3300A2DC7B /* Project object */;
}
