// !$*UTF8*$!
{
	archiveVersion = 1;
	classes = {
	};
	objectVersion = 50;
	objects = {

/* Begin PBXBuildFile section */
		7111B1302240061F0002234C /* AppDelegate.swift in Sources */ = {isa = PBXBuildFile; fileRef = 7111B12F2240061F0002234C /* AppDelegate.swift */; };
		7111B1322240061F0002234C /* ViewController.swift in Sources */ = {isa = PBXBuildFile; fileRef = 7111B1312240061F0002234C /* ViewController.swift */; };
		7111B1352240061F0002234C /* Main.storyboard in Resources */ = {isa = PBXBuildFile; fileRef = 7111B1332240061F0002234C /* Main.storyboard */; };
		7111B137224006210002234C /* Assets.xcassets in Resources */ = {isa = PBXBuildFile; fileRef = 7111B136224006210002234C /* Assets.xcassets */; };
		7111B13A224006210002234C /* LaunchScreen.storyboard in Resources */ = {isa = PBXBuildFile; fileRef = 7111B138224006210002234C /* LaunchScreen.storyboard */; };
		7111B145224006210002234C /* locationsAndMapsHackwichTests.swift in Sources */ = {isa = PBXBuildFile; fileRef = 7111B144224006210002234C /* locationsAndMapsHackwichTests.swift */; };
		7111B150224006210002234C /* locationsAndMapsHackwichUITests.swift in Sources */ = {isa = PBXBuildFile; fileRef = 7111B14F224006210002234C /* locationsAndMapsHackwichUITests.swift */; };
/* End PBXBuildFile section */

/* Begin PBXContainerItemProxy section */
		7111B141224006210002234C /* PBXContainerItemProxy */ = {
			isa = PBXContainerItemProxy;
			containerPortal = 7111B1242240061F0002234C /* Project object */;
			proxyType = 1;
			remoteGlobalIDString = 7111B12B2240061F0002234C;
			remoteInfo = locationsAndMapsHackwich;
		};
		7111B14C224006210002234C /* PBXContainerItemProxy */ = {
			isa = PBXContainerItemProxy;
			containerPortal = 7111B1242240061F0002234C /* Project object */;
			proxyType = 1;
			remoteGlobalIDString = 7111B12B2240061F0002234C;
			remoteInfo = locationsAndMapsHackwich;
		};
/* End PBXContainerItemProxy section */

/* Begin PBXFileReference section */
		7111B12C2240061F0002234C /* locationsAndMapsHackwich.app */ = {isa = PBXFileReference; explicitFileType = wrapper.application; includeInIndex = 0; path = locationsAndMapsHackwich.app; sourceTree = BUILT_PRODUCTS_DIR; };
		7111B12F2240061F0002234C /* AppDelegate.swift */ = {isa = PBXFileReference; lastKnownFileType = sourcecode.swift; path = AppDelegate.swift; sourceTree = "<group>"; };
		7111B1312240061F0002234C /* ViewController.swift */ = {isa = PBXFileReference; lastKnownFileType = sourcecode.swift; path = ViewController.swift; sourceTree = "<group>"; };
		7111B1342240061F0002234C /* Base */ = {isa = PBXFileReference; lastKnownFileType = file.storyboard; name = Base; path = Base.lproj/Main.storyboard; sourceTree = "<group>"; };
		7111B136224006210002234C /* Assets.xcassets */ = {isa = PBXFileReference; lastKnownFileType = folder.assetcatalog; path = Assets.xcassets; sourceTree = "<group>"; };
		7111B139224006210002234C /* Base */ = {isa = PBXFileReference; lastKnownFileType = file.storyboard; name = Base; path = Base.lproj/LaunchScreen.storyboard; sourceTree = "<group>"; };
		7111B13B224006210002234C /* Info.plist */ = {isa = PBXFileReference; lastKnownFileType = text.plist.xml; path = Info.plist; sourceTree = "<group>"; };
		7111B140224006210002234C /* locationsAndMapsHackwichTests.xctest */ = {isa = PBXFileReference; explicitFileType = wrapper.cfbundle; includeInIndex = 0; path = locationsAndMapsHackwichTests.xctest; sourceTree = BUILT_PRODUCTS_DIR; };
		7111B144224006210002234C /* locationsAndMapsHackwichTests.swift */ = {isa = PBXFileReference; lastKnownFileType = sourcecode.swift; path = locationsAndMapsHackwichTests.swift; sourceTree = "<group>"; };
		7111B146224006210002234C /* Info.plist */ = {isa = PBXFileReference; lastKnownFileType = text.plist.xml; path = Info.plist; sourceTree = "<group>"; };
		7111B14B224006210002234C /* locationsAndMapsHackwichUITests.xctest */ = {isa = PBXFileReference; explicitFileType = wrapper.cfbundle; includeInIndex = 0; path = locationsAndMapsHackwichUITests.xctest; sourceTree = BUILT_PRODUCTS_DIR; };
		7111B14F224006210002234C /* locationsAndMapsHackwichUITests.swift */ = {isa = PBXFileReference; lastKnownFileType = sourcecode.swift; path = locationsAndMapsHackwichUITests.swift; sourceTree = "<group>"; };
		7111B151224006210002234C /* Info.plist */ = {isa = PBXFileReference; lastKnownFileType = text.plist.xml; path = Info.plist; sourceTree = "<group>"; };
/* End PBXFileReference section */

/* Begin PBXFrameworksBuildPhase section */
		7111B1292240061F0002234C /* Frameworks */ = {
			isa = PBXFrameworksBuildPhase;
			buildActionMask = 2147483647;
			files = (
			);
			runOnlyForDeploymentPostprocessing = 0;
		};
		7111B13D224006210002234C /* Frameworks */ = {
			isa = PBXFrameworksBuildPhase;
			buildActionMask = 2147483647;
			files = (
			);
			runOnlyForDeploymentPostprocessing = 0;
		};
		7111B148224006210002234C /* Frameworks */ = {
			isa = PBXFrameworksBuildPhase;
			buildActionMask = 2147483647;
			files = (
			);
			runOnlyForDeploymentPostprocessing = 0;
		};
/* End PBXFrameworksBuildPhase section */

/* Begin PBXGroup section */
		7111B1232240061F0002234C = {
			isa = PBXGroup;
			children = (
				7111B12E2240061F0002234C /* locationsAndMapsHackwich */,
				7111B143224006210002234C /* locationsAndMapsHackwichTests */,
				7111B14E224006210002234C /* locationsAndMapsHackwichUITests */,
				7111B12D2240061F0002234C /* Products */,
			);
			sourceTree = "<group>";
		};
		7111B12D2240061F0002234C /* Products */ = {
			isa = PBXGroup;
			children = (
				7111B12C2240061F0002234C /* locationsAndMapsHackwich.app */,
				7111B140224006210002234C /* locationsAndMapsHackwichTests.xctest */,
				7111B14B224006210002234C /* locationsAndMapsHackwichUITests.xctest */,
			);
			name = Products;
			sourceTree = "<group>";
		};
		7111B12E2240061F0002234C /* locationsAndMapsHackwich */ = {
			isa = PBXGroup;
			children = (
				7111B12F2240061F0002234C /* AppDelegate.swift */,
				7111B1312240061F0002234C /* ViewController.swift */,
				7111B1332240061F0002234C /* Main.storyboard */,
				7111B136224006210002234C /* Assets.xcassets */,
				7111B138224006210002234C /* LaunchScreen.storyboard */,
				7111B13B224006210002234C /* Info.plist */,
			);
			path = locationsAndMapsHackwich;
			sourceTree = "<group>";
		};
		7111B143224006210002234C /* locationsAndMapsHackwichTests */ = {
			isa = PBXGroup;
			children = (
				7111B144224006210002234C /* locationsAndMapsHackwichTests.swift */,
				7111B146224006210002234C /* Info.plist */,
			);
			path = locationsAndMapsHackwichTests;
			sourceTree = "<group>";
		};
		7111B14E224006210002234C /* locationsAndMapsHackwichUITests */ = {
			isa = PBXGroup;
			children = (
				7111B14F224006210002234C /* locationsAndMapsHackwichUITests.swift */,
				7111B151224006210002234C /* Info.plist */,
			);
			path = locationsAndMapsHackwichUITests;
			sourceTree = "<group>";
		};
/* End PBXGroup section */

/* Begin PBXNativeTarget section */
		7111B12B2240061F0002234C /* locationsAndMapsHackwich */ = {
			isa = PBXNativeTarget;
			buildConfigurationList = 7111B154224006210002234C /* Build configuration list for PBXNativeTarget "locationsAndMapsHackwich" */;
			buildPhases = (
				7111B1282240061F0002234C /* Sources */,
				7111B1292240061F0002234C /* Frameworks */,
				7111B12A2240061F0002234C /* Resources */,
			);
			buildRules = (
			);
			dependencies = (
			);
			name = locationsAndMapsHackwich;
			productName = locationsAndMapsHackwich;
			productReference = 7111B12C2240061F0002234C /* locationsAndMapsHackwich.app */;
			productType = "com.apple.product-type.application";
		};
		7111B13F224006210002234C /* locationsAndMapsHackwichTests */ = {
			isa = PBXNativeTarget;
			buildConfigurationList = 7111B157224006210002234C /* Build configuration list for PBXNativeTarget "locationsAndMapsHackwichTests" */;
			buildPhases = (
				7111B13C224006210002234C /* Sources */,
				7111B13D224006210002234C /* Frameworks */,
				7111B13E224006210002234C /* Resources */,
			);
			buildRules = (
			);
			dependencies = (
				7111B142224006210002234C /* PBXTargetDependency */,
			);
			name = locationsAndMapsHackwichTests;
			productName = locationsAndMapsHackwichTests;
			productReference = 7111B140224006210002234C /* locationsAndMapsHackwichTests.xctest */;
			productType = "com.apple.product-type.bundle.unit-test";
		};
		7111B14A224006210002234C /* locationsAndMapsHackwichUITests */ = {
			isa = PBXNativeTarget;
			buildConfigurationList = 7111B15A224006210002234C /* Build configuration list for PBXNativeTarget "locationsAndMapsHackwichUITests" */;
			buildPhases = (
				7111B147224006210002234C /* Sources */,
				7111B148224006210002234C /* Frameworks */,
				7111B149224006210002234C /* Resources */,
			);
			buildRules = (
			);
			dependencies = (
				7111B14D224006210002234C /* PBXTargetDependency */,
			);
			name = locationsAndMapsHackwichUITests;
			productName = locationsAndMapsHackwichUITests;
			productReference = 7111B14B224006210002234C /* locationsAndMapsHackwichUITests.xctest */;
			productType = "com.apple.product-type.bundle.ui-testing";
		};
/* End PBXNativeTarget section */

/* Begin PBXProject section */
		7111B1242240061F0002234C /* Project object */ = {
			isa = PBXProject;
			attributes = {
				LastSwiftUpdateCheck = 1010;
				LastUpgradeCheck = 1010;
				ORGANIZATIONNAME = "Achatz, Thomas";
				TargetAttributes = {
					7111B12B2240061F0002234C = {
						CreatedOnToolsVersion = 10.1;
					};
					7111B13F224006210002234C = {
						CreatedOnToolsVersion = 10.1;
						TestTargetID = 7111B12B2240061F0002234C;
					};
					7111B14A224006210002234C = {
						CreatedOnToolsVersion = 10.1;
						TestTargetID = 7111B12B2240061F0002234C;
					};
				};
			};
			buildConfigurationList = 7111B1272240061F0002234C /* Build configuration list for PBXProject "locationsAndMapsHackwich" */;
			compatibilityVersion = "Xcode 9.3";
			developmentRegion = en;
			hasScannedForEncodings = 0;
			knownRegions = (
				en,
				Base,
			);
			mainGroup = 7111B1232240061F0002234C;
			productRefGroup = 7111B12D2240061F0002234C /* Products */;
			projectDirPath = "";
			projectRoot = "";
			targets = (
				7111B12B2240061F0002234C /* locationsAndMapsHackwich */,
				7111B13F224006210002234C /* locationsAndMapsHackwichTests */,
				7111B14A224006210002234C /* locationsAndMapsHackwichUITests */,
			);
		};
/* End PBXProject section */

/* Begin PBXResourcesBuildPhase section */
		7111B12A2240061F0002234C /* Resources */ = {
			isa = PBXResourcesBuildPhase;
			buildActionMask = 2147483647;
			files = (
				7111B13A224006210002234C /* LaunchScreen.storyboard in Resources */,
				7111B137224006210002234C /* Assets.xcassets in Resources */,
				7111B1352240061F0002234C /* Main.storyboard in Resources */,
			);
			runOnlyForDeploymentPostprocessing = 0;
		};
		7111B13E224006210002234C /* Resources */ = {
			isa = PBXResourcesBuildPhase;
			buildActionMask = 2147483647;
			files = (
			);
			runOnlyForDeploymentPostprocessing = 0;
		};
		7111B149224006210002234C /* Resources */ = {
			isa = PBXResourcesBuildPhase;
			buildActionMask = 2147483647;
			files = (
			);
			runOnlyForDeploymentPostprocessing = 0;
		};
/* End PBXResourcesBuildPhase section */

/* Begin PBXSourcesBuildPhase section */
		7111B1282240061F0002234C /* Sources */ = {
			isa = PBXSourcesBuildPhase;
			buildActionMask = 2147483647;
			files = (
				7111B1322240061F0002234C /* ViewController.swift in Sources */,
				7111B1302240061F0002234C /* AppDelegate.swift in Sources */,
			);
			runOnlyForDeploymentPostprocessing = 0;
		};
		7111B13C224006210002234C /* Sources */ = {
			isa = PBXSourcesBuildPhase;
			buildActionMask = 2147483647;
			files = (
				7111B145224006210002234C /* locationsAndMapsHackwichTests.swift in Sources */,
			);
			runOnlyForDeploymentPostprocessing = 0;
		};
		7111B147224006210002234C /* Sources */ = {
			isa = PBXSourcesBuildPhase;
			buildActionMask = 2147483647;
			files = (
				7111B150224006210002234C /* locationsAndMapsHackwichUITests.swift in Sources */,
			);
			runOnlyForDeploymentPostprocessing = 0;
		};
/* End PBXSourcesBuildPhase section */

/* Begin PBXTargetDependency section */
		7111B142224006210002234C /* PBXTargetDependency */ = {
			isa = PBXTargetDependency;
			target = 7111B12B2240061F0002234C /* locationsAndMapsHackwich */;
			targetProxy = 7111B141224006210002234C /* PBXContainerItemProxy */;
		};
		7111B14D224006210002234C /* PBXTargetDependency */ = {
			isa = PBXTargetDependency;
			target = 7111B12B2240061F0002234C /* locationsAndMapsHackwich */;
			targetProxy = 7111B14C224006210002234C /* PBXContainerItemProxy */;
		};
/* End PBXTargetDependency section */

/* Begin PBXVariantGroup section */
		7111B1332240061F0002234C /* Main.storyboard */ = {
			isa = PBXVariantGroup;
			children = (
				7111B1342240061F0002234C /* Base */,
			);
			name = Main.storyboard;
			sourceTree = "<group>";
		};
		7111B138224006210002234C /* LaunchScreen.storyboard */ = {
			isa = PBXVariantGroup;
			children = (
				7111B139224006210002234C /* Base */,
			);
			name = LaunchScreen.storyboard;
			sourceTree = "<group>";
		};
/* End PBXVariantGroup section */

/* Begin XCBuildConfiguration section */
		7111B152224006210002234C /* Debug */ = {
			isa = XCBuildConfiguration;
			buildSettings = {
				ALWAYS_SEARCH_USER_PATHS = NO;
				CLANG_ANALYZER_NONNULL = YES;
				CLANG_ANALYZER_NUMBER_OBJECT_CONVERSION = YES_AGGRESSIVE;
				CLANG_CXX_LANGUAGE_STANDARD = "gnu++14";
				CLANG_CXX_LIBRARY = "libc++";
				CLANG_ENABLE_MODULES = YES;
				CLANG_ENABLE_OBJC_ARC = YES;
				CLANG_ENABLE_OBJC_WEAK = YES;
				CLANG_WARN_BLOCK_CAPTURE_AUTORELEASING = YES;
				CLANG_WARN_BOOL_CONVERSION = YES;
				CLANG_WARN_COMMA = YES;
				CLANG_WARN_CONSTANT_CONVERSION = YES;
				CLANG_WARN_DEPRECATED_OBJC_IMPLEMENTATIONS = YES;
				CLANG_WARN_DIRECT_OBJC_ISA_USAGE = YES_ERROR;
				CLANG_WARN_DOCUMENTATION_COMMENTS = YES;
				CLANG_WARN_EMPTY_BODY = YES;
				CLANG_WARN_ENUM_CONVERSION = YES;
				CLANG_WARN_INFINITE_RECURSION = YES;
				CLANG_WARN_INT_CONVERSION = YES;
				CLANG_WARN_NON_LITERAL_NULL_CONVERSION = YES;
				CLANG_WARN_OBJC_IMPLICIT_RETAIN_SELF = YES;
				CLANG_WARN_OBJC_LITERAL_CONVERSION = YES;
				CLANG_WARN_OBJC_ROOT_CLASS = YES_ERROR;
				CLANG_WARN_RANGE_LOOP_ANALYSIS = YES;
				CLANG_WARN_STRICT_PROTOTYPES = YES;
				CLANG_WARN_SUSPICIOUS_MOVE = YES;
				CLANG_WARN_UNGUARDED_AVAILABILITY = YES_AGGRESSIVE;
				CLANG_WARN_UNREACHABLE_CODE = YES;
				CLANG_WARN__DUPLICATE_METHOD_MATCH = YES;
				CODE_SIGN_IDENTITY = "iPhone Developer";
				COPY_PHASE_STRIP = NO;
				DEBUG_INFORMATION_FORMAT = dwarf;
				ENABLE_STRICT_OBJC_MSGSEND = YES;
				ENABLE_TESTABILITY = YES;
				GCC_C_LANGUAGE_STANDARD = gnu11;
				GCC_DYNAMIC_NO_PIC = NO;
				GCC_NO_COMMON_BLOCKS = YES;
				GCC_OPTIMIZATION_LEVEL = 0;
				GCC_PREPROCESSOR_DEFINITIONS = (
					"DEBUG=1",
					"$(inherited)",
				);
				GCC_WARN_64_TO_32_BIT_CONVERSION = YES;
				GCC_WARN_ABOUT_RETURN_TYPE = YES_ERROR;
				GCC_WARN_UNDECLARED_SELECTOR = YES;
				GCC_WARN_UNINITIALIZED_AUTOS = YES_AGGRESSIVE;
				GCC_WARN_UNUSED_FUNCTION = YES;
				GCC_WARN_UNUSED_VARIABLE = YES;
				IPHONEOS_DEPLOYMENT_TARGET = 12.1;
				MTL_ENABLE_DEBUG_INFO = INCLUDE_SOURCE;
				MTL_FAST_MATH = YES;
				ONLY_ACTIVE_ARCH = YES;
				SDKROOT = iphoneos;
				SWIFT_ACTIVE_COMPILATION_CONDITIONS = DEBUG;
				SWIFT_OPTIMIZATION_LEVEL = "-Onone";
			};
			name = Debug;
		};
		7111B153224006210002234C /* Release */ = {
			isa = XCBuildConfiguration;
			buildSettings = {
				ALWAYS_SEARCH_USER_PATHS = NO;
				CLANG_ANALYZER_NONNULL = YES;
				CLANG_ANALYZER_NUMBER_OBJECT_CONVERSION = YES_AGGRESSIVE;
				CLANG_CXX_LANGUAGE_STANDARD = "gnu++14";
				CLANG_CXX_LIBRARY = "libc++";
				CLANG_ENABLE_MODULES = YES;
				CLANG_ENABLE_OBJC_ARC = YES;
				CLANG_ENABLE_OBJC_WEAK = YES;
				CLANG_WARN_BLOCK_CAPTURE_AUTORELEASING = YES;
				CLANG_WARN_BOOL_CONVERSION = YES;
				CLANG_WARN_COMMA = YES;
				CLANG_WARN_CONSTANT_CONVERSION = YES;
				CLANG_WARN_DEPRECATED_OBJC_IMPLEMENTATIONS = YES;
				CLANG_WARN_DIRECT_OBJC_ISA_USAGE = YES_ERROR;
				CLANG_WARN_DOCUMENTATION_COMMENTS = YES;
				CLANG_WARN_EMPTY_BODY = YES;
				CLANG_WARN_ENUM_CONVERSION = YES;
				CLANG_WARN_INFINITE_RECURSION = YES;
				CLANG_WARN_INT_CONVERSION = YES;
				CLANG_WARN_NON_LITERAL_NULL_CONVERSION = YES;
				CLANG_WARN_OBJC_IMPLICIT_RETAIN_SELF = YES;
				CLANG_WARN_OBJC_LITERAL_CONVERSION = YES;
				CLANG_WARN_OBJC_ROOT_CLASS = YES_ERROR;
				CLANG_WARN_RANGE_LOOP_ANALYSIS = YES;
				CLANG_WARN_STRICT_PROTOTYPES = YES;
				CLANG_WARN_SUSPICIOUS_MOVE = YES;
				CLANG_WARN_UNGUARDED_AVAILABILITY = YES_AGGRESSIVE;
				CLANG_WARN_UNREACHABLE_CODE = YES;
				CLANG_WARN__DUPLICATE_METHOD_MATCH = YES;
				CODE_SIGN_IDENTITY = "iPhone Developer";
				COPY_PHASE_STRIP = NO;
				DEBUG_INFORMATION_FORMAT = "dwarf-with-dsym";
				ENABLE_NS_ASSERTIONS = NO;
				ENABLE_STRICT_OBJC_MSGSEND = YES;
				GCC_C_LANGUAGE_STANDARD = gnu11;
				GCC_NO_COMMON_BLOCKS = YES;
				GCC_WARN_64_TO_32_BIT_CONVERSION = YES;
				GCC_WARN_ABOUT_RETURN_TYPE = YES_ERROR;
				GCC_WARN_UNDECLARED_SELECTOR = YES;
				GCC_WARN_UNINITIALIZED_AUTOS = YES_AGGRESSIVE;
				GCC_WARN_UNUSED_FUNCTION = YES;
				GCC_WARN_UNUSED_VARIABLE = YES;
				IPHONEOS_DEPLOYMENT_TARGET = 12.1;
				MTL_ENABLE_DEBUG_INFO = NO;
				MTL_FAST_MATH = YES;
				SDKROOT = iphoneos;
				SWIFT_COMPILATION_MODE = wholemodule;
				SWIFT_OPTIMIZATION_LEVEL = "-O";
				VALIDATE_PRODUCT = YES;
			};
			name = Release;
		};
		7111B155224006210002234C /* Debug */ = {
			isa = XCBuildConfiguration;
			buildSettings = {
				ASSETCATALOG_COMPILER_APPICON_NAME = AppIcon;
				CODE_SIGN_STYLE = Automatic;
				INFOPLIST_FILE = locationsAndMapsHackwich/Info.plist;
				LD_RUNPATH_SEARCH_PATHS = (
					"$(inherited)",
					"@executable_path/Frameworks",
				);
				PRODUCT_BUNDLE_IDENTIFIER = waukeshaNorth.locationsAndMapsHackwich;
				PRODUCT_NAME = "$(TARGET_NAME)";
				SWIFT_VERSION = 4.2;
				TARGETED_DEVICE_FAMILY = "1,2";
			};
			name = Debug;
		};
		7111B156224006210002234C /* Release */ = {
			isa = XCBuildConfiguration;
			buildSettings = {
				ASSETCATALOG_COMPILER_APPICON_NAME = AppIcon;
				CODE_SIGN_STYLE = Automatic;
				INFOPLIST_FILE = locationsAndMapsHackwich/Info.plist;
				LD_RUNPATH_SEARCH_PATHS = (
					"$(inherited)",
					"@executable_path/Frameworks",
				);
				PRODUCT_BUNDLE_IDENTIFIER = waukeshaNorth.locationsAndMapsHackwich;
				PRODUCT_NAME = "$(TARGET_NAME)";
				SWIFT_VERSION = 4.2;
				TARGETED_DEVICE_FAMILY = "1,2";
			};
			name = Release;
		};
		7111B158224006210002234C /* Debug */ = {
			isa = XCBuildConfiguration;
			buildSettings = {
				ALWAYS_EMBED_SWIFT_STANDARD_LIBRARIES = YES;
				BUNDLE_LOADER = "$(TEST_HOST)";
				CODE_SIGN_STYLE = Automatic;
				INFOPLIST_FILE = locationsAndMapsHackwichTests/Info.plist;
				LD_RUNPATH_SEARCH_PATHS = (
					"$(inherited)",
					"@executable_path/Frameworks",
					"@loader_path/Frameworks",
				);
				PRODUCT_BUNDLE_IDENTIFIER = waukeshaNorth.locationsAndMapsHackwichTests;
				PRODUCT_NAME = "$(TARGET_NAME)";
				SWIFT_VERSION = 4.2;
				TARGETED_DEVICE_FAMILY = "1,2";
				TEST_HOST = "$(BUILT_PRODUCTS_DIR)/locationsAndMapsHackwich.app/locationsAndMapsHackwich";
			};
			name = Debug;
		};
		7111B159224006210002234C /* Release */ = {
			isa = XCBuildConfiguration;
			buildSettings = {
				ALWAYS_EMBED_SWIFT_STANDARD_LIBRARIES = YES;
				BUNDLE_LOADER = "$(TEST_HOST)";
				CODE_SIGN_STYLE = Automatic;
				INFOPLIST_FILE = locationsAndMapsHackwichTests/Info.plist;
				LD_RUNPATH_SEARCH_PATHS = (
					"$(inherited)",
					"@executable_path/Frameworks",
					"@loader_path/Frameworks",
				);
				PRODUCT_BUNDLE_IDENTIFIER = waukeshaNorth.locationsAndMapsHackwichTests;
				PRODUCT_NAME = "$(TARGET_NAME)";
				SWIFT_VERSION = 4.2;
				TARGETED_DEVICE_FAMILY = "1,2";
				TEST_HOST = "$(BUILT_PRODUCTS_DIR)/locationsAndMapsHackwich.app/locationsAndMapsHackwich";
			};
			name = Release;
		};
		7111B15B224006210002234C /* Debug */ = {
			isa = XCBuildConfiguration;
			buildSettings = {
				ALWAYS_EMBED_SWIFT_STANDARD_LIBRARIES = YES;
				CODE_SIGN_STYLE = Automatic;
				INFOPLIST_FILE = locationsAndMapsHackwichUITests/Info.plist;
				LD_RUNPATH_SEARCH_PATHS = (
					"$(inherited)",
					"@executable_path/Frameworks",
					"@loader_path/Frameworks",
				);
				PRODUCT_BUNDLE_IDENTIFIER = waukeshaNorth.locationsAndMapsHackwichUITests;
				PRODUCT_NAME = "$(TARGET_NAME)";
				SWIFT_VERSION = 4.2;
				TARGETED_DEVICE_FAMILY = "1,2";
				TEST_TARGET_NAME = locationsAndMapsHackwich;
			};
			name = Debug;
		};
		7111B15C224006210002234C /* Release */ = {
			isa = XCBuildConfiguration;
			buildSettings = {
				ALWAYS_EMBED_SWIFT_STANDARD_LIBRARIES = YES;
				CODE_SIGN_STYLE = Automatic;
				INFOPLIST_FILE = locationsAndMapsHackwichUITests/Info.plist;
				LD_RUNPATH_SEARCH_PATHS = (
					"$(inherited)",
					"@executable_path/Frameworks",
					"@loader_path/Frameworks",
				);
				PRODUCT_BUNDLE_IDENTIFIER = waukeshaNorth.locationsAndMapsHackwichUITests;
				PRODUCT_NAME = "$(TARGET_NAME)";
				SWIFT_VERSION = 4.2;
				TARGETED_DEVICE_FAMILY = "1,2";
				TEST_TARGET_NAME = locationsAndMapsHackwich;
			};
			name = Release;
		};
/* End XCBuildConfiguration section */

/* Begin XCConfigurationList section */
		7111B1272240061F0002234C /* Build configuration list for PBXProject "locationsAndMapsHackwich" */ = {
			isa = XCConfigurationList;
			buildConfigurations = (
				7111B152224006210002234C /* Debug */,
				7111B153224006210002234C /* Release */,
			);
			defaultConfigurationIsVisible = 0;
			defaultConfigurationName = Release;
		};
		7111B154224006210002234C /* Build configuration list for PBXNativeTarget "locationsAndMapsHackwich" */ = {
			isa = XCConfigurationList;
			buildConfigurations = (
				7111B155224006210002234C /* Debug */,
				7111B156224006210002234C /* Release */,
			);
			defaultConfigurationIsVisible = 0;
			defaultConfigurationName = Release;
		};
		7111B157224006210002234C /* Build configuration list for PBXNativeTarget "locationsAndMapsHackwichTests" */ = {
			isa = XCConfigurationList;
			buildConfigurations = (
				7111B158224006210002234C /* Debug */,
				7111B159224006210002234C /* Release */,
			);
			defaultConfigurationIsVisible = 0;
			defaultConfigurationName = Release;
		};
		7111B15A224006210002234C /* Build configuration list for PBXNativeTarget "locationsAndMapsHackwichUITests" */ = {
			isa = XCConfigurationList;
			buildConfigurations = (
				7111B15B224006210002234C /* Debug */,
				7111B15C224006210002234C /* Release */,
			);
			defaultConfigurationIsVisible = 0;
			defaultConfigurationName = Release;
		};
/* End XCConfigurationList section */
	};
	rootObject = 7111B1242240061F0002234C /* Project object */;
}
