
Microsoft Visual Studio Solution File, Format Version 12.00
# Visual Studio Version 16
VisualStudioVersion = 16.0.29123.88
MinimumVisualStudioVersion = 10.0.40219.1
Project("{FAE04EC0-301F-11D3-BF4B-00C04F79EFBC}") = "Week14Assignment", "Week14Assignment\Week14Assignment.csproj", "{C8325555-B342-4FA9-9D9F-79C6A944ACDA}"
EndProject
Global
	GlobalSection(SolutionConfigurationPlatforms) = preSolution
		Debug|Any CPU = Debug|Any CPU
		Release|Any CPU = Release|Any CPU
	EndGlobalSection
	GlobalSection(ProjectConfigurationPlatforms) = postSolution
		{C8325555-B342-4FA9-9D9F-79C6A944ACDA}.Debug|Any CPU.ActiveCfg = Debug|Any CPU
		{C8325555-B342-4FA9-9D9F-79C6A944ACDA}.Debug|Any CPU.Build.0 = Debug|Any CPU
		{C8325555-B342-4FA9-9D9F-79C6A944ACDA}.Release|Any CPU.ActiveCfg = Release|Any CPU
		{C8325555-B342-4FA9-9D9F-79C6A944ACDA}.Release|Any CPU.Build.0 = Release|Any CPU
	EndGlobalSection
	GlobalSection(SolutionProperties) = preSolution
		HideSolutionNode = FALSE
	EndGlobalSection
	GlobalSection(ExtensibilityGlobals) = postSolution
		SolutionGuid = {46E50F3C-860D-4F4A-9633-68A57C8438AB}
	EndGlobalSection
EndGlobal
