
Microsoft Visual Studio Solution File, Format Version 12.00
# Visual Studio Version 16
VisualStudioVersion = 16.0.29123.88
MinimumVisualStudioVersion = 10.0.40219.1
Project("{FAE04EC0-301F-11D3-BF4B-00C04F79EFBC}") = "week9Assignment", "week9Assignment\week9Assignment.csproj", "{4DF8169D-EE96-47A7-8DEF-269B39A9C936}"
EndProject
Global
	GlobalSection(SolutionConfigurationPlatforms) = preSolution
		Debug|Any CPU = Debug|Any CPU
		Release|Any CPU = Release|Any CPU
	EndGlobalSection
	GlobalSection(ProjectConfigurationPlatforms) = postSolution
		{4DF8169D-EE96-47A7-8DEF-269B39A9C936}.Debug|Any CPU.ActiveCfg = Debug|Any CPU
		{4DF8169D-EE96-47A7-8DEF-269B39A9C936}.Debug|Any CPU.Build.0 = Debug|Any CPU
		{4DF8169D-EE96-47A7-8DEF-269B39A9C936}.Release|Any CPU.ActiveCfg = Release|Any CPU
		{4DF8169D-EE96-47A7-8DEF-269B39A9C936}.Release|Any CPU.Build.0 = Release|Any CPU
	EndGlobalSection
	GlobalSection(SolutionProperties) = preSolution
		HideSolutionNode = FALSE
	EndGlobalSection
	GlobalSection(ExtensibilityGlobals) = postSolution
		SolutionGuid = {C035F005-6C12-4AA9-8DF4-7C2E0C2A79D2}
	EndGlobalSection
EndGlobal
