// !$*UTF8*$!
{
	archiveVersion = 1;
	classes = {
	};
	objectVersion = 50;
	objects = {

/* Begin PBXBuildFile section */
		4733C353209AC17A000DA370 /* AppDelegate.swift in Sources */ = {isa = PBXBuildFile; fileRef = 4733C352209AC17A000DA370 /* AppDelegate.swift */; };
		4733C355209AC17A000DA370 /* StoreViewController.swift in Sources */ = {isa = PBXBuildFile; fileRef = 4733C354209AC17A000DA370 /* StoreViewController.swift */; };
		4733C358209AC17B000DA370 /* Main.storyboard in Resources */ = {isa = PBXBuildFile; fileRef = 4733C356209AC17B000DA370 /* Main.storyboard */; };
		4733C35A209AC17D000DA370 /* Assets.xcassets in Resources */ = {isa = PBXBuildFile; fileRef = 4733C359209AC17D000DA370 /* Assets.xcassets */; };
		4733C35D209AC17D000DA370 /* LaunchScreen.storyboard in Resources */ = {isa = PBXBuildFile; fileRef = 4733C35B209AC17D000DA370 /* LaunchScreen.storyboard */; };
		47563815209C06050089D978 /* Contact.swift in Sources */ = {isa = PBXBuildFile; fileRef = 47563814209C06050089D978 /* Contact.swift */; };
		47CFAC94209AC5810037634C /* RetrieveViewController.swift in Sources */ = {isa = PBXBuildFile; fileRef = 47CFAC93209AC5810037634C /* RetrieveViewController.swift */; };
/* End PBXBuildFile section */

/* Begin PBXFileReference section */
		4733C34F209AC17A000DA370 /* PersistenceChallenge.app */ = {isa = PBXFileReference; explicitFileType = wrapper.application; includeInIndex = 0; path = PersistenceChallenge.app; sourceTree = BUILT_PRODUCTS_DIR; };
		4733C352209AC17A000DA370 /* AppDelegate.swift */ = {isa = PBXFileReference; lastKnownFileType = sourcecode.swift; path = AppDelegate.swift; sourceTree = "<group>"; };
		4733C354209AC17A000DA370 /* StoreViewController.swift */ = {isa = PBXFileReference; lastKnownFileType = sourcecode.swift; path = StoreViewController.swift; sourceTree = "<group>"; };
		4733C357209AC17B000DA370 /* Base */ = {isa = PBXFileReference; lastKnownFileType = file.storyboard; name = Base; path = Base.lproj/Main.storyboard; sourceTree = "<group>"; };
		4733C359209AC17D000DA370 /* Assets.xcassets */ = {isa = PBXFileReference; lastKnownFileType = folder.assetcatalog; path = Assets.xcassets; sourceTree = "<group>"; };
		4733C35C209AC17D000DA370 /* Base */ = {isa = PBXFileReference; lastKnownFileType = file.storyboard; name = Base; path = Base.lproj/LaunchScreen.storyboard; sourceTree = "<group>"; };
		4733C35E209AC17D000DA370 /* Info.plist */ = {isa = PBXFileReference; lastKnownFileType = text.plist.xml; path = Info.plist; sourceTree = "<group>"; };
		47563814209C06050089D978 /* Contact.swift */ = {isa = PBXFileReference; lastKnownFileType = sourcecode.swift; path = Contact.swift; sourceTree = "<group>"; };
		47CFAC93209AC5810037634C /* RetrieveViewController.swift */ = {isa = PBXFileReference; lastKnownFileType = sourcecode.swift; path = RetrieveViewController.swift; sourceTree = "<group>"; };
/* End PBXFileReference section */

/* Begin PBXFrameworksBuildPhase section */
		4733C34C209AC17A000DA370 /* Frameworks */ = {
			isa = PBXFrameworksBuildPhase;
			buildActionMask = 2147483647;
			files = (
			);
			runOnlyForDeploymentPostprocessing = 0;
		};
/* End PBXFrameworksBuildPhase section */

/* Begin PBXGroup section */
		4733C346209AC17A000DA370 = {
			isa = PBXGroup;
			children = (
				4733C351209AC17A000DA370 /* PersistenceChallenge */,
				4733C350209AC17A000DA370 /* Products */,
			);
			sourceTree = "<group>";
		};
		4733C350209AC17A000DA370 /* Products */ = {
			isa = PBXGroup;
			children = (
				4733C34F209AC17A000DA370 /* PersistenceChallenge.app */,
			);
			name = Products;
			sourceTree = "<group>";
		};
		4733C351209AC17A000DA370 /* PersistenceChallenge */ = {
			isa = PBXGroup;
			children = (
				4733C352209AC17A000DA370 /* AppDelegate.swift */,
				4733C354209AC17A000DA370 /* StoreViewController.swift */,
				47CFAC93209AC5810037634C /* RetrieveViewController.swift */,
				47563814209C06050089D978 /* Contact.swift */,
				4733C356209AC17B000DA370 /* Main.storyboard */,
				4733C359209AC17D000DA370 /* Assets.xcassets */,
				4733C35B209AC17D000DA370 /* LaunchScreen.storyboard */,
				4733C35E209AC17D000DA370 /* Info.plist */,
			);
			path = PersistenceChallenge;
			sourceTree = "<group>";
		};
/* End PBXGroup section */

/* Begin PBXNativeTarget section */
		4733C34E209AC17A000DA370 /* PersistenceChallenge */ = {
			isa = PBXNativeTarget;
			buildConfigurationList = 4733C361209AC17D000DA370 /* Build configuration list for PBXNativeTarget "PersistenceChallenge" */;
			buildPhases = (
				4733C34B209AC17A000DA370 /* Sources */,
				4733C34C209AC17A000DA370 /* Frameworks */,
				4733C34D209AC17A000DA370 /* Resources */,
			);
			buildRules = (
			);
			dependencies = (
			);
			name = PersistenceChallenge;
			productName = PersistenceChallenge;
			productReference = 4733C34F209AC17A000DA370 /* PersistenceChallenge.app */;
			productType = "com.apple.product-type.application";
		};
/* End PBXNativeTarget section */

/* Begin PBXProject section */
		4733C347209AC17A000DA370 /* Project object */ = {
			isa = PBXProject;
			attributes = {
				LastSwiftUpdateCheck = 0930;
				LastUpgradeCheck = 0930;
				ORGANIZATIONNAME = MobileMakersEdu;
				TargetAttributes = {
					4733C34E209AC17A000DA370 = {
						CreatedOnToolsVersion = 9.3;
					};
				};
			};
			buildConfigurationList = 4733C34A209AC17A000DA370 /* Build configuration list for PBXProject "PersistenceChallenge" */;
			compatibilityVersion = "Xcode 9.3";
			developmentRegion = en;
			hasScannedForEncodings = 0;
			knownRegions = (
				en,
				Base,
			);
			mainGroup = 4733C346209AC17A000DA370;
			productRefGroup = 4733C350209AC17A000DA370 /* Products */;
			projectDirPath = "";
			projectRoot = "";
			targets = (
				4733C34E209AC17A000DA370 /* PersistenceChallenge */,
			);
		};
/* End PBXProject section */

/* Begin PBXResourcesBuildPhase section */
		4733C34D209AC17A000DA370 /* Resources */ = {
			isa = PBXResourcesBuildPhase;
			buildActionMask = 2147483647;
			files = (
				4733C35D209AC17D000DA370 /* LaunchScreen.storyboard in Resources */,
				4733C35A209AC17D000DA370 /* Assets.xcassets in Resources */,
				4733C358209AC17B000DA370 /* Main.storyboard in Resources */,
			);
			runOnlyForDeploymentPostprocessing = 0;
		};
/* End PBXResourcesBuildPhase section */

/* Begin PBXSourcesBuildPhase section */
		4733C34B209AC17A000DA370 /* Sources */ = {
			isa = PBXSourcesBuildPhase;
			buildActionMask = 2147483647;
			files = (
				47563815209C06050089D978 /* Contact.swift in Sources */,
				4733C355209AC17A000DA370 /* StoreViewController.swift in Sources */,
				47CFAC94209AC5810037634C /* RetrieveViewController.swift in Sources */,
				4733C353209AC17A000DA370 /* AppDelegate.swift in Sources */,
			);
			runOnlyForDeploymentPostprocessing = 0;
		};
/* End PBXSourcesBuildPhase section */

/* Begin PBXVariantGroup section */
		4733C356209AC17B000DA370 /* Main.storyboard */ = {
			isa = PBXVariantGroup;
			children = (
				4733C357209AC17B000DA370 /* Base */,
			);
			name = Main.storyboard;
			sourceTree = "<group>";
		};
		4733C35B209AC17D000DA370 /* LaunchScreen.storyboard */ = {
			isa = PBXVariantGroup;
			children = (
				4733C35C209AC17D000DA370 /* Base */,
			);
			name = LaunchScreen.storyboard;
			sourceTree = "<group>";
		};
/* End PBXVariantGroup section */

/* Begin XCBuildConfiguration section */
		4733C35F209AC17D000DA370 /* Debug */ = {
			isa = XCBuildConfiguration;
			buildSettings = {
				ALWAYS_SEARCH_USER_PATHS = NO;
				CLANG_ANALYZER_NONNULL = YES;
				CLANG_ANALYZER_NUMBER_OBJECT_CONVERSION = YES_AGGRESSIVE;
				CLANG_CXX_LANGUAGE_STANDARD = "gnu++14";
				CLANG_CXX_LIBRARY = "libc++";
				CLANG_ENABLE_MODULES = YES;
				CLANG_ENABLE_OBJC_ARC = YES;
				CLANG_ENABLE_OBJC_WEAK = YES;
				CLANG_WARN_BLOCK_CAPTURE_AUTORELEASING = YES;
				CLANG_WARN_BOOL_CONVERSION = YES;
				CLANG_WARN_COMMA = YES;
				CLANG_WARN_CONSTANT_CONVERSION = YES;
				CLANG_WARN_DEPRECATED_OBJC_IMPLEMENTATIONS = YES;
				CLANG_WARN_DIRECT_OBJC_ISA_USAGE = YES_ERROR;
				CLANG_WARN_DOCUMENTATION_COMMENTS = YES;
				CLANG_WARN_EMPTY_BODY = YES;
				CLANG_WARN_ENUM_CONVERSION = YES;
				CLANG_WARN_INFINITE_RECURSION = YES;
				CLANG_WARN_INT_CONVERSION = YES;
				CLANG_WARN_NON_LITERAL_NULL_CONVERSION = YES;
				CLANG_WARN_OBJC_IMPLICIT_RETAIN_SELF = YES;
				CLANG_WARN_OBJC_LITERAL_CONVERSION = YES;
				CLANG_WARN_OBJC_ROOT_CLASS = YES_ERROR;
				CLANG_WARN_RANGE_LOOP_ANALYSIS = YES;
				CLANG_WARN_STRICT_PROTOTYPES = YES;
				CLANG_WARN_SUSPICIOUS_MOVE = YES;
				CLANG_WARN_UNGUARDED_AVAILABILITY = YES_AGGRESSIVE;
				CLANG_WARN_UNREACHABLE_CODE = YES;
				CLANG_WARN__DUPLICATE_METHOD_MATCH = YES;
				CODE_SIGN_IDENTITY = "iPhone Developer";
				COPY_PHASE_STRIP = NO;
				DEBUG_INFORMATION_FORMAT = dwarf;
				ENABLE_STRICT_OBJC_MSGSEND = YES;
				ENABLE_TESTABILITY = YES;
				GCC_C_LANGUAGE_STANDARD = gnu11;
				GCC_DYNAMIC_NO_PIC = NO;
				GCC_NO_COMMON_BLOCKS = YES;
				GCC_OPTIMIZATION_LEVEL = 0;
				GCC_PREPROCESSOR_DEFINITIONS = (
					"DEBUG=1",
					"$(inherited)",
				);
				GCC_WARN_64_TO_32_BIT_CONVERSION = YES;
				GCC_WARN_ABOUT_RETURN_TYPE = YES_ERROR;
				GCC_WARN_UNDECLARED_SELECTOR = YES;
				GCC_WARN_UNINITIALIZED_AUTOS = YES_AGGRESSIVE;
				GCC_WARN_UNUSED_FUNCTION = YES;
				GCC_WARN_UNUSED_VARIABLE = YES;
				IPHONEOS_DEPLOYMENT_TARGET = 11.3;
				MTL_ENABLE_DEBUG_INFO = YES;
				ONLY_ACTIVE_ARCH = YES;
				SDKROOT = iphoneos;
				SWIFT_ACTIVE_COMPILATION_CONDITIONS = DEBUG;
				SWIFT_OPTIMIZATION_LEVEL = "-Onone";
			};
			name = Debug;
		};
		4733C360209AC17D000DA370 /* Release */ = {
			isa = XCBuildConfiguration;
			buildSettings = {
				ALWAYS_SEARCH_USER_PATHS = NO;
				CLANG_ANALYZER_NONNULL = YES;
				CLANG_ANALYZER_NUMBER_OBJECT_CONVERSION = YES_AGGRESSIVE;
				CLANG_CXX_LANGUAGE_STANDARD = "gnu++14";
				CLANG_CXX_LIBRARY = "libc++";
				CLANG_ENABLE_MODULES = YES;
				CLANG_ENABLE_OBJC_ARC = YES;
				CLANG_ENABLE_OBJC_WEAK = YES;
				CLANG_WARN_BLOCK_CAPTURE_AUTORELEASING = YES;
				CLANG_WARN_BOOL_CONVERSION = YES;
				CLANG_WARN_COMMA = YES;
				CLANG_WARN_CONSTANT_CONVERSION = YES;
				CLANG_WARN_DEPRECATED_OBJC_IMPLEMENTATIONS = YES;
				CLANG_WARN_DIRECT_OBJC_ISA_USAGE = YES_ERROR;
				CLANG_WARN_DOCUMENTATION_COMMENTS = YES;
				CLANG_WARN_EMPTY_BODY = YES;
				CLANG_WARN_ENUM_CONVERSION = YES;
				CLANG_WARN_INFINITE_RECURSION = YES;
				CLANG_WARN_INT_CONVERSION = YES;
				CLANG_WARN_NON_LITERAL_NULL_CONVERSION = YES;
				CLANG_WARN_OBJC_IMPLICIT_RETAIN_SELF = YES;
				CLANG_WARN_OBJC_LITERAL_CONVERSION = YES;
				CLANG_WARN_OBJC_ROOT_CLASS = YES_ERROR;
				CLANG_WARN_RANGE_LOOP_ANALYSIS = YES;
				CLANG_WARN_STRICT_PROTOTYPES = YES;
				CLANG_WARN_SUSPICIOUS_MOVE = YES;
				CLANG_WARN_UNGUARDED_AVAILABILITY = YES_AGGRESSIVE;
				CLANG_WARN_UNREACHABLE_CODE = YES;
				CLANG_WARN__DUPLICATE_METHOD_MATCH = YES;
				CODE_SIGN_IDENTITY = "iPhone Developer";
				COPY_PHASE_STRIP = NO;
				DEBUG_INFORMATION_FORMAT = "dwarf-with-dsym";
				ENABLE_NS_ASSERTIONS = NO;
				ENABLE_STRICT_OBJC_MSGSEND = YES;
				GCC_C_LANGUAGE_STANDARD = gnu11;
				GCC_NO_COMMON_BLOCKS = YES;
				GCC_WARN_64_TO_32_BIT_CONVERSION = YES;
				GCC_WARN_ABOUT_RETURN_TYPE = YES_ERROR;
				GCC_WARN_UNDECLARED_SELECTOR = YES;
				GCC_WARN_UNINITIALIZED_AUTOS = YES_AGGRESSIVE;
				GCC_WARN_UNUSED_FUNCTION = YES;
				GCC_WARN_UNUSED_VARIABLE = YES;
				IPHONEOS_DEPLOYMENT_TARGET = 11.3;
				MTL_ENABLE_DEBUG_INFO = NO;
				SDKROOT = iphoneos;
				SWIFT_COMPILATION_MODE = wholemodule;
				SWIFT_OPTIMIZATION_LEVEL = "-O";
				VALIDATE_PRODUCT = YES;
			};
			name = Release;
		};
		4733C362209AC17D000DA370 /* Debug */ = {
			isa = XCBuildConfiguration;
			buildSettings = {
				ASSETCATALOG_COMPILER_APPICON_NAME = AppIcon;
				CODE_SIGN_STYLE = Automatic;
				DEVELOPMENT_TEAM = "";
				INFOPLIST_FILE = PersistenceChallenge/Info.plist;
				LD_RUNPATH_SEARCH_PATHS = (
					"$(inherited)",
					"@executable_path/Frameworks",
				);
				PRODUCT_BUNDLE_IDENTIFIER = org.mobilemakersedu.PersistenceChallenge;
				PRODUCT_NAME = "$(TARGET_NAME)";
				SWIFT_VERSION = 4.0;
				TARGETED_DEVICE_FAMILY = "1,2";
			};
			name = Debug;
		};
		4733C363209AC17D000DA370 /* Release */ = {
			isa = XCBuildConfiguration;
			buildSettings = {
				ASSETCATALOG_COMPILER_APPICON_NAME = AppIcon;
				CODE_SIGN_STYLE = Automatic;
				DEVELOPMENT_TEAM = "";
				INFOPLIST_FILE = PersistenceChallenge/Info.plist;
				LD_RUNPATH_SEARCH_PATHS = (
					"$(inherited)",
					"@executable_path/Frameworks",
				);
				PRODUCT_BUNDLE_IDENTIFIER = org.mobilemakersedu.PersistenceChallenge;
				PRODUCT_NAME = "$(TARGET_NAME)";
				SWIFT_VERSION = 4.0;
				TARGETED_DEVICE_FAMILY = "1,2";
			};
			name = Release;
		};
/* End XCBuildConfiguration section */

/* Begin XCConfigurationList section */
		4733C34A209AC17A000DA370 /* Build configuration list for PBXProject "PersistenceChallenge" */ = {
			isa = XCConfigurationList;
			buildConfigurations = (
				4733C35F209AC17D000DA370 /* Debug */,
				4733C360209AC17D000DA370 /* Release */,
			);
			defaultConfigurationIsVisible = 0;
			defaultConfigurationName = Release;
		};
		4733C361209AC17D000DA370 /* Build configuration list for PBXNativeTarget "PersistenceChallenge" */ = {
			isa = XCConfigurationList;
			buildConfigurations = (
				4733C362209AC17D000DA370 /* Debug */,
				4733C363209AC17D000DA370 /* Release */,
			);
			defaultConfigurationIsVisible = 0;
			defaultConfigurationName = Release;
		};
/* End XCConfigurationList section */
	};
	rootObject = 4733C347209AC17A000DA370 /* Project object */;
}
